// !$*UTF8*$!
{
	archiveVersion = 1;
	classes = {
	};
	objectVersion = 46;
	objects = {

/* Begin PBXBuildFile section */
		88D0766B15A72CF5007808FE /* UIKit.framework in Frameworks */ = {isa = PBXBuildFile; fileRef = 88D0766A15A72CF5007808FE /* UIKit.framework */; };
		88D0766D15A72CF5007808FE /* Foundation.framework in Frameworks */ = {isa = PBXBuildFile; fileRef = 88D0766C15A72CF5007808FE /* Foundation.framework */; };
		88D0766F15A72CF5007808FE /* CoreGraphics.framework in Frameworks */ = {isa = PBXBuildFile; fileRef = 88D0766E15A72CF5007808FE /* CoreGraphics.framework */; };
		88D0767515A72CF5007808FE /* InfoPlist.strings in Resources */ = {isa = PBXBuildFile; fileRef = 88D0767315A72CF5007808FE /* InfoPlist.strings */; };
		88D0767715A72CF5007808FE /* main.m in Sources */ = {isa = PBXBuildFile; fileRef = 88D0767615A72CF5007808FE /* main.m */; };
		88D0767B15A72CF6007808FE /* AppDelegate.m in Sources */ = {isa = PBXBuildFile; fileRef = 88D0767A15A72CF6007808FE /* AppDelegate.m */; };
		88D0767E15A72CF6007808FE /* MapViewController.m in Sources */ = {isa = PBXBuildFile; fileRef = 88D0767D15A72CF6007808FE /* MapViewController.m */; };
		88D0768115A72CF6007808FE /* MapViewController.xib in Resources */ = {isa = PBXBuildFile; fileRef = 88D0767F15A72CF6007808FE /* MapViewController.xib */; };
		88D0768815A72DC2007808FE /* CoreLocation.framework in Frameworks */ = {isa = PBXBuildFile; fileRef = 88D0768715A72DC2007808FE /* CoreLocation.framework */; };
		88D0768A15A72DCB007808FE /* QuartzCore.framework in Frameworks */ = {isa = PBXBuildFile; fileRef = 88D0768915A72DCB007808FE /* QuartzCore.framework */; };
		88D0768C15A72DD2007808FE /* CoreText.framework in Frameworks */ = {isa = PBXBuildFile; fileRef = 88D0768B15A72DD2007808FE /* CoreText.framework */; };
		88D0768E15A72DDB007808FE /* libstdc++.dylib in Frameworks */ = {isa = PBXBuildFile; fileRef = 88D0768D15A72DDB007808FE /* libstdc++.dylib */; };
		88D0769015A72DE1007808FE /* MediaPlayer.framework in Frameworks */ = {isa = PBXBuildFile; fileRef = 88D0768F15A72DE1007808FE /* MediaPlayer.framework */; };
		88D0769215A72DE9007808FE /* MobileCoreServices.framework in Frameworks */ = {isa = PBXBuildFile; fileRef = 88D0769115A72DE9007808FE /* MobileCoreServices.framework */; };
		88D0769415A72DF0007808FE /* libz.dylib in Frameworks */ = {isa = PBXBuildFile; fileRef = 88D0769315A72DF0007808FE /* libz.dylib */; };
		88D0769615A72DF6007808FE /* Security.framework in Frameworks */ = {isa = PBXBuildFile; fileRef = 88D0769515A72DF6007808FE /* Security.framework */; };
		88D0769815A72E71007808FE /* ArcGIS.bundle in Resources */ = {isa = PBXBuildFile; fileRef = 88D0769715A72E71007808FE /* ArcGIS.bundle */; };
		88D0769C15A78375007808FE /* EditGraphicViewController.m in Sources */ = {isa = PBXBuildFile; fileRef = 88D0769A15A78375007808FE /* EditGraphicViewController.m */; };
		88D0769D15A78375007808FE /* EditGraphicViewController.xib in Resources */ = {isa = PBXBuildFile; fileRef = 88D0769B15A78375007808FE /* EditGraphicViewController.xib */; };
		88EE1D7715AB7BA4003C286D /* GraphViewController.m in Sources */ = {isa = PBXBuildFile; fileRef = 88EE1D7515AB7BA4003C286D /* GraphViewController.m */; };
		88EE1D7815AB7BA4003C286D /* GraphViewController.xib in Resources */ = {isa = PBXBuildFile; fileRef = 88EE1D7615AB7BA4003C286D /* GraphViewController.xib */; };
		88EE1E4C15AB98AC003C286D /* NAArrow.c in Sources */ = {isa = PBXBuildFile; fileRef = 88EE1DE515AB98AC003C286D /* NAArrow.c */; };
		88EE1E4D15AB98AC003C286D /* NABezierControlPoints.c in Sources */ = {isa = PBXBuildFile; fileRef = 88EE1DE815AB98AC003C286D /* NABezierControlPoints.c */; };
		88EE1E4E15AB98AC003C286D /* NADashing.c in Sources */ = {isa = PBXBuildFile; fileRef = 88EE1DEA15AB98AC003C286D /* NADashing.c */; };
		88EE1E4F15AB98AC003C286D /* NALineIntersection.c in Sources */ = {isa = PBXBuildFile; fileRef = 88EE1DEC15AB98AC003C286D /* NALineIntersection.c */; };
		88EE1E5015AB98AC003C286D /* NALineRectangleIntersection.c in Sources */ = {isa = PBXBuildFile; fileRef = 88EE1DEE15AB98AC003C286D /* NALineRectangleIntersection.c */; };
		88EE1E5115AB98AC003C286D /* NASymbol.c in Sources */ = {isa = PBXBuildFile; fileRef = 88EE1DF115AB98AC003C286D /* NASymbol.c */; };
		88EE1E5215AB98AC003C286D /* WSAxisLocation.m in Sources */ = {isa = PBXBuildFile; fileRef = 88EE1DF615AB98AC003C286D /* WSAxisLocation.m */; };
		88EE1E5315AB98AC003C286D /* WSAxisProperties.m in Sources */ = {isa = PBXBuildFile; fileRef = 88EE1DF915AB98AC003C286D /* WSAxisProperties.m */; };
		88EE1E5415AB98AC003C286D /* WSBarPlotFactory.m in Sources */ = {isa = PBXBuildFile; fileRef = 88EE1DFB15AB98AC003C286D /* WSBarPlotFactory.m */; };
		88EE1E5515AB98AC003C286D /* WSBarProperties.m in Sources */ = {isa = PBXBuildFile; fileRef = 88EE1DFD15AB98AC003C286D /* WSBarProperties.m */; };
		88EE1E5615AB98AC003C286D /* WSBinning.m in Sources */ = {isa = PBXBuildFile; fileRef = 88EE1DFF15AB98AC003C286D /* WSBinning.m */; };
		88EE1E5715AB98AC003C286D /* WSChart.m in Sources */ = {isa = PBXBuildFile; fileRef = 88EE1E0115AB98AC003C286D /* WSChart.m */; };
		88EE1E5815AB98AC003C286D /* WSChartAnimation.m in Sources */ = {isa = PBXBuildFile; fileRef = 88EE1E0315AB98AC003C286D /* WSChartAnimation.m */; };
		88EE1E5915AB98AC003C286D /* WSColor.m in Sources */ = {isa = PBXBuildFile; fileRef = 88EE1E0615AB98AC003C286D /* WSColor.m */; };
		88EE1E5A15AB98AC003C286D /* WSColorScheme.m in Sources */ = {isa = PBXBuildFile; fileRef = 88EE1E0815AB98AC003C286D /* WSColorScheme.m */; };
		88EE1E5B15AB98AC003C286D /* WSConnection.m in Sources */ = {isa = PBXBuildFile; fileRef = 88EE1E0A15AB98AC003C286D /* WSConnection.m */; };
		88EE1E5C15AB98AC003C286D /* WSContour.m in Sources */ = {isa = PBXBuildFile; fileRef = 88EE1E0D15AB98AC003C286D /* WSContour.m */; };
		88EE1E5D15AB98AC003C286D /* WSCoordinate.m in Sources */ = {isa = PBXBuildFile; fileRef = 88EE1E1015AB98AC003C286D /* WSCoordinate.m */; };
		88EE1E5E15AB98AC003C286D /* WSCustomProperties.m in Sources */ = {isa = PBXBuildFile; fileRef = 88EE1E1515AB98AC003C286D /* WSCustomProperties.m */; };
		88EE1E5F15AB98AC003C286D /* WSData.m in Sources */ = {isa = PBXBuildFile; fileRef = 88EE1E1715AB98AC003C286D /* WSData.m */; };
		88EE1E6015AB98AC003C286D /* WSDataOperations.m in Sources */ = {isa = PBXBuildFile; fileRef = 88EE1E1A15AB98AC003C286D /* WSDataOperations.m */; };
		88EE1E6115AB98AC003C286D /* WSDataPointProperties.m in Sources */ = {isa = PBXBuildFile; fileRef = 88EE1E1C15AB98AC003C286D /* WSDataPointProperties.m */; };
		88EE1E6215AB98AC003C286D /* WSDatum.m in Sources */ = {isa = PBXBuildFile; fileRef = 88EE1E1E15AB98AC003C286D /* WSDatum.m */; };
		88EE1E6315AB98AC003C286D /* WSDiscProperties.m in Sources */ = {isa = PBXBuildFile; fileRef = 88EE1E2115AB98AC003C286D /* WSDiscProperties.m */; };
		88EE1E6415AB98AC003C286D /* WSFont.m in Sources */ = {isa = PBXBuildFile; fileRef = 88EE1E2315AB98AC003C286D /* WSFont.m */; };
		88EE1E6515AB98AC003C286D /* WSGraph.m in Sources */ = {isa = PBXBuildFile; fileRef = 88EE1E2515AB98AC003C286D /* WSGraph.m */; };
		88EE1E6615AB98AC003C286D /* WSGraphConnections.m in Sources */ = {isa = PBXBuildFile; fileRef = 88EE1E2715AB98AC003C286D /* WSGraphConnections.m */; };
		88EE1E6715AB98AC003C286D /* WSGraphPlotFactory.m in Sources */ = {isa = PBXBuildFile; fileRef = 88EE1E2915AB98AC003C286D /* WSGraphPlotFactory.m */; };
		88EE1E6815AB98AC003C286D /* WSLinePlotFactory.m in Sources */ = {isa = PBXBuildFile; fileRef = 88EE1E2B15AB98AC003C286D /* WSLinePlotFactory.m */; };
		88EE1E6915AB98AC003C286D /* WSNode.m in Sources */ = {isa = PBXBuildFile; fileRef = 88EE1E2D15AB98AC003C286D /* WSNode.m */; };
		88EE1E6A15AB98AC003C286D /* WSNodeProperties.m in Sources */ = {isa = PBXBuildFile; fileRef = 88EE1E2F15AB98AC003C286D /* WSNodeProperties.m */; };
		88EE1E6B15AB98AC003C286D /* WSObject.m in Sources */ = {isa = PBXBuildFile; fileRef = 88EE1E3115AB98AC003C286D /* WSObject.m */; };
		88EE1E6C15AB98AC003C286D /* WSPlot.m in Sources */ = {isa = PBXBuildFile; fileRef = 88EE1E3315AB98AC003C286D /* WSPlot.m */; };
		88EE1E6D15AB98AC003C286D /* WSPlotAxis.m in Sources */ = {isa = PBXBuildFile; fileRef = 88EE1E3515AB98AC003C286D /* WSPlotAxis.m */; };
		88EE1E6E15AB98AC003C286D /* WSPlotBar.m in Sources */ = {isa = PBXBuildFile; fileRef = 88EE1E3715AB98AC003C286D /* WSPlotBar.m */; };
		88EE1E6F15AB98AC003C286D /* WSPlotController.m in Sources */ = {isa = PBXBuildFile; fileRef = 88EE1E3915AB98AC003C286D /* WSPlotController.m */; };
		88EE1E7015AB98AC003C286D /* WSPlotData.m in Sources */ = {isa = PBXBuildFile; fileRef = 88EE1E3B15AB98AC003C286D /* WSPlotData.m */; };
		88EE1E7115AB98AC003C286D /* WSPlotDisc.m in Sources */ = {isa = PBXBuildFile; fileRef = 88EE1E3D15AB98AC003C286D /* WSPlotDisc.m */; };
		88EE1E7215AB98AC003C286D /* WSPlotGraph.m in Sources */ = {isa = PBXBuildFile; fileRef = 88EE1E4015AB98AC003C286D /* WSPlotGraph.m */; };
		88EE1E7315AB98AC003C286D /* WSPlotRegion.m in Sources */ = {isa = PBXBuildFile; fileRef = 88EE1E4215AB98AC003C286D /* WSPlotRegion.m */; };
		88EE1E7415AB98AC003C286D /* WSPlotTemplate.m in Sources */ = {isa = PBXBuildFile; fileRef = 88EE1E4415AB98AC003C286D /* WSPlotTemplate.m */; };
		88EE1E7515AB98AC003C286D /* WSTicks.m in Sources */ = {isa = PBXBuildFile; fileRef = 88EE1E4615AB98AC003C286D /* WSTicks.m */; };
		88EE1E7615AB98AC003C286D /* WSVersion.m in Sources */ = {isa = PBXBuildFile; fileRef = 88EE1E4815AB98AC003C286D /* WSVersion.m */; };
		88EE1E7715AB98AC003C286D /* WSView.m in Sources */ = {isa = PBXBuildFile; fileRef = 88EE1E4B15AB98AC003C286D /* WSView.m */; };
		88EE1ECA15AC9FD1003C286D /* libCorePlot-CocoaTouch.a in Frameworks */ = {isa = PBXBuildFile; fileRef = 88EE1EC915AC9FD1003C286D /* libCorePlot-CocoaTouch.a */; };
		88EE1EF115ACB485003C286D /* ColoredBarChart.m in Sources */ = {isa = PBXBuildFile; fileRef = 88EE1EEE15ACB485003C286D /* ColoredBarChart.m */; };
		88EE1EF215ACB485003C286D /* PlotItem.m in Sources */ = {isa = PBXBuildFile; fileRef = 88EE1EF015ACB485003C286D /* PlotItem.m */; };
		88EE1EF515ACB5EE003C286D /* PlotGallery.m in Sources */ = {isa = PBXBuildFile; fileRef = 88EE1EF415ACB5EE003C286D /* PlotGallery.m */; };
/* End PBXBuildFile section */

/* Begin PBXFileReference section */
		88D0766615A72CF5007808FE /* UCDemoGP.app */ = {isa = PBXFileReference; explicitFileType = wrapper.application; includeInIndex = 0; path = UCDemoGP.app; sourceTree = BUILT_PRODUCTS_DIR; };
		88D0766A15A72CF5007808FE /* UIKit.framework */ = {isa = PBXFileReference; lastKnownFileType = wrapper.framework; name = UIKit.framework; path = System/Library/Frameworks/UIKit.framework; sourceTree = SDKROOT; };
		88D0766C15A72CF5007808FE /* Foundation.framework */ = {isa = PBXFileReference; lastKnownFileType = wrapper.framework; name = Foundation.framework; path = System/Library/Frameworks/Foundation.framework; sourceTree = SDKROOT; };
		88D0766E15A72CF5007808FE /* CoreGraphics.framework */ = {isa = PBXFileReference; lastKnownFileType = wrapper.framework; name = CoreGraphics.framework; path = System/Library/Frameworks/CoreGraphics.framework; sourceTree = SDKROOT; };
		88D0767215A72CF5007808FE /* UCDemoGP-Info.plist */ = {isa = PBXFileReference; lastKnownFileType = text.plist.xml; path = "UCDemoGP-Info.plist"; sourceTree = "<group>"; };
		88D0767415A72CF5007808FE /* en */ = {isa = PBXFileReference; lastKnownFileType = text.plist.strings; name = en; path = en.lproj/InfoPlist.strings; sourceTree = "<group>"; };
		88D0767615A72CF5007808FE /* main.m */ = {isa = PBXFileReference; lastKnownFileType = sourcecode.c.objc; path = main.m; sourceTree = "<group>"; };
		88D0767815A72CF6007808FE /* UCDemoGP-Prefix.pch */ = {isa = PBXFileReference; lastKnownFileType = sourcecode.c.h; path = "UCDemoGP-Prefix.pch"; sourceTree = "<group>"; };
		88D0767915A72CF6007808FE /* AppDelegate.h */ = {isa = PBXFileReference; lastKnownFileType = sourcecode.c.h; path = AppDelegate.h; sourceTree = "<group>"; };
		88D0767A15A72CF6007808FE /* AppDelegate.m */ = {isa = PBXFileReference; lastKnownFileType = sourcecode.c.objc; path = AppDelegate.m; sourceTree = "<group>"; };
		88D0767C15A72CF6007808FE /* MapViewController.h */ = {isa = PBXFileReference; lastKnownFileType = sourcecode.c.h; path = MapViewController.h; sourceTree = "<group>"; };
		88D0767D15A72CF6007808FE /* MapViewController.m */ = {isa = PBXFileReference; lastKnownFileType = sourcecode.c.objc; path = MapViewController.m; sourceTree = "<group>"; };
		88D0768015A72CF6007808FE /* en */ = {isa = PBXFileReference; lastKnownFileType = file.xib; name = en; path = en.lproj/MapViewController.xib; sourceTree = "<group>"; };
		88D0768715A72DC2007808FE /* CoreLocation.framework */ = {isa = PBXFileReference; lastKnownFileType = wrapper.framework; name = CoreLocation.framework; path = System/Library/Frameworks/CoreLocation.framework; sourceTree = SDKROOT; };
		88D0768915A72DCB007808FE /* QuartzCore.framework */ = {isa = PBXFileReference; lastKnownFileType = wrapper.framework; name = QuartzCore.framework; path = System/Library/Frameworks/QuartzCore.framework; sourceTree = SDKROOT; };
		88D0768B15A72DD2007808FE /* CoreText.framework */ = {isa = PBXFileReference; lastKnownFileType = wrapper.framework; name = CoreText.framework; path = System/Library/Frameworks/CoreText.framework; sourceTree = SDKROOT; };
		88D0768D15A72DDB007808FE /* libstdc++.dylib */ = {isa = PBXFileReference; lastKnownFileType = "compiled.mach-o.dylib"; name = "libstdc++.dylib"; path = "usr/lib/libstdc++.dylib"; sourceTree = SDKROOT; };
		88D0768F15A72DE1007808FE /* MediaPlayer.framework */ = {isa = PBXFileReference; lastKnownFileType = wrapper.framework; name = MediaPlayer.framework; path = System/Library/Frameworks/MediaPlayer.framework; sourceTree = SDKROOT; };
		88D0769115A72DE9007808FE /* MobileCoreServices.framework */ = {isa = PBXFileReference; lastKnownFileType = wrapper.framework; name = MobileCoreServices.framework; path = System/Library/Frameworks/MobileCoreServices.framework; sourceTree = SDKROOT; };
		88D0769315A72DF0007808FE /* libz.dylib */ = {isa = PBXFileReference; lastKnownFileType = "compiled.mach-o.dylib"; name = libz.dylib; path = usr/lib/libz.dylib; sourceTree = SDKROOT; };
		88D0769515A72DF6007808FE /* Security.framework */ = {isa = PBXFileReference; lastKnownFileType = wrapper.framework; name = Security.framework; path = System/Library/Frameworks/Security.framework; sourceTree = SDKROOT; };
		88D0769715A72E71007808FE /* ArcGIS.bundle */ = {isa = PBXFileReference; lastKnownFileType = "wrapper.plug-in"; name = ArcGIS.bundle; path = ../../Library/SDKs/ArcGIS/ArcGIS.framework/Versions/Current/Resources/ArcGIS.bundle; sourceTree = "<group>"; };
		88D0769915A78375007808FE /* EditGraphicViewController.h */ = {isa = PBXFileReference; fileEncoding = 4; lastKnownFileType = sourcecode.c.h; path = EditGraphicViewController.h; sourceTree = "<group>"; };
		88D0769A15A78375007808FE /* EditGraphicViewController.m */ = {isa = PBXFileReference; fileEncoding = 4; lastKnownFileType = sourcecode.c.objc; path = EditGraphicViewController.m; sourceTree = "<group>"; };
		88D0769B15A78375007808FE /* EditGraphicViewController.xib */ = {isa = PBXFileReference; fileEncoding = 4; lastKnownFileType = file.xib; path = EditGraphicViewController.xib; sourceTree = "<group>"; };
		88EE1D7415AB7BA4003C286D /* GraphViewController.h */ = {isa = PBXFileReference; fileEncoding = 4; lastKnownFileType = sourcecode.c.h; path = GraphViewController.h; sourceTree = "<group>"; };
		88EE1D7515AB7BA4003C286D /* GraphViewController.m */ = {isa = PBXFileReference; fileEncoding = 4; lastKnownFileType = sourcecode.c.objc; path = GraphViewController.m; sourceTree = "<group>"; };
		88EE1D7615AB7BA4003C286D /* GraphViewController.xib */ = {isa = PBXFileReference; fileEncoding = 4; lastKnownFileType = file.xib; path = GraphViewController.xib; sourceTree = "<group>"; };
		88EE1DE415AB98AC003C286D /* NAAmethyst.h */ = {isa = PBXFileReference; fileEncoding = 4; lastKnownFileType = sourcecode.c.h; path = NAAmethyst.h; sourceTree = "<group>"; };
		88EE1DE515AB98AC003C286D /* NAArrow.c */ = {isa = PBXFileReference; fileEncoding = 4; lastKnownFileType = sourcecode.c.c; path = NAArrow.c; sourceTree = "<group>"; };
		88EE1DE615AB98AC003C286D /* NAArrow.h */ = {isa = PBXFileReference; fileEncoding = 4; lastKnownFileType = sourcecode.c.h; path = NAArrow.h; sourceTree = "<group>"; };
		88EE1DE715AB98AC003C286D /* NABase.h */ = {isa = PBXFileReference; fileEncoding = 4; lastKnownFileType = sourcecode.c.h; path = NABase.h; sourceTree = "<group>"; };
		88EE1DE815AB98AC003C286D /* NABezierControlPoints.c */ = {isa = PBXFileReference; fileEncoding = 4; lastKnownFileType = sourcecode.c.c; path = NABezierControlPoints.c; sourceTree = "<group>"; };
		88EE1DE915AB98AC003C286D /* NABezierControlPoints.h */ = {isa = PBXFileReference; fileEncoding = 4; lastKnownFileType = sourcecode.c.h; path = NABezierControlPoints.h; sourceTree = "<group>"; };
		88EE1DEA15AB98AC003C286D /* NADashing.c */ = {isa = PBXFileReference; fileEncoding = 4; lastKnownFileType = sourcecode.c.c; path = NADashing.c; sourceTree = "<group>"; };
		88EE1DEB15AB98AC003C286D /* NADashing.h */ = {isa = PBXFileReference; fileEncoding = 4; lastKnownFileType = sourcecode.c.h; path = NADashing.h; sourceTree = "<group>"; };
		88EE1DEC15AB98AC003C286D /* NALineIntersection.c */ = {isa = PBXFileReference; fileEncoding = 4; lastKnownFileType = sourcecode.c.c; path = NALineIntersection.c; sourceTree = "<group>"; };
		88EE1DED15AB98AC003C286D /* NALineIntersection.h */ = {isa = PBXFileReference; fileEncoding = 4; lastKnownFileType = sourcecode.c.h; path = NALineIntersection.h; sourceTree = "<group>"; };
		88EE1DEE15AB98AC003C286D /* NALineRectangleIntersection.c */ = {isa = PBXFileReference; fileEncoding = 4; lastKnownFileType = sourcecode.c.c; path = NALineRectangleIntersection.c; sourceTree = "<group>"; };
		88EE1DEF15AB98AC003C286D /* NALineRectangleIntersection.h */ = {isa = PBXFileReference; fileEncoding = 4; lastKnownFileType = sourcecode.c.h; path = NALineRectangleIntersection.h; sourceTree = "<group>"; };
		88EE1DF015AB98AC003C286D /* NARange.h */ = {isa = PBXFileReference; fileEncoding = 4; lastKnownFileType = sourcecode.c.h; path = NARange.h; sourceTree = "<group>"; };
		88EE1DF115AB98AC003C286D /* NASymbol.c */ = {isa = PBXFileReference; fileEncoding = 4; lastKnownFileType = sourcecode.c.c; path = NASymbol.c; sourceTree = "<group>"; };
		88EE1DF215AB98AC003C286D /* NASymbol.h */ = {isa = PBXFileReference; fileEncoding = 4; lastKnownFileType = sourcecode.c.h; path = NASymbol.h; sourceTree = "<group>"; };
		88EE1DF315AB98AC003C286D /* PowerPlot.h */ = {isa = PBXFileReference; fileEncoding = 4; lastKnownFileType = sourcecode.c.h; path = PowerPlot.h; sourceTree = "<group>"; };
		88EE1DF415AB98AC003C286D /* WSAuxiliary.h */ = {isa = PBXFileReference; fileEncoding = 4; lastKnownFileType = sourcecode.c.h; path = WSAuxiliary.h; sourceTree = "<group>"; };
		88EE1DF515AB98AC003C286D /* WSAxisLocation.h */ = {isa = PBXFileReference; fileEncoding = 4; lastKnownFileType = sourcecode.c.h; path = WSAxisLocation.h; sourceTree = "<group>"; };
		88EE1DF615AB98AC003C286D /* WSAxisLocation.m */ = {isa = PBXFileReference; fileEncoding = 4; lastKnownFileType = sourcecode.c.objc; path = WSAxisLocation.m; sourceTree = "<group>"; };
		88EE1DF715AB98AC003C286D /* WSAxisLocationDelegate.h */ = {isa = PBXFileReference; fileEncoding = 4; lastKnownFileType = sourcecode.c.h; path = WSAxisLocationDelegate.h; sourceTree = "<group>"; };
		88EE1DF815AB98AC003C286D /* WSAxisProperties.h */ = {isa = PBXFileReference; fileEncoding = 4; lastKnownFileType = sourcecode.c.h; path = WSAxisProperties.h; sourceTree = "<group>"; };
		88EE1DF915AB98AC003C286D /* WSAxisProperties.m */ = {isa = PBXFileReference; fileEncoding = 4; lastKnownFileType = sourcecode.c.objc; path = WSAxisProperties.m; sourceTree = "<group>"; };
		88EE1DFA15AB98AC003C286D /* WSBarPlotFactory.h */ = {isa = PBXFileReference; fileEncoding = 4; lastKnownFileType = sourcecode.c.h; path = WSBarPlotFactory.h; sourceTree = "<group>"; };
		88EE1DFB15AB98AC003C286D /* WSBarPlotFactory.m */ = {isa = PBXFileReference; fileEncoding = 4; lastKnownFileType = sourcecode.c.objc; path = WSBarPlotFactory.m; sourceTree = "<group>"; };
		88EE1DFC15AB98AC003C286D /* WSBarProperties.h */ = {isa = PBXFileReference; fileEncoding = 4; lastKnownFileType = sourcecode.c.h; path = WSBarProperties.h; sourceTree = "<group>"; };
		88EE1DFD15AB98AC003C286D /* WSBarProperties.m */ = {isa = PBXFileReference; fileEncoding = 4; lastKnownFileType = sourcecode.c.objc; path = WSBarProperties.m; sourceTree = "<group>"; };
		88EE1DFE15AB98AC003C286D /* WSBinning.h */ = {isa = PBXFileReference; fileEncoding = 4; lastKnownFileType = sourcecode.c.h; path = WSBinning.h; sourceTree = "<group>"; };
		88EE1DFF15AB98AC003C286D /* WSBinning.m */ = {isa = PBXFileReference; fileEncoding = 4; lastKnownFileType = sourcecode.c.objc; path = WSBinning.m; sourceTree = "<group>"; };
		88EE1E0015AB98AC003C286D /* WSChart.h */ = {isa = PBXFileReference; fileEncoding = 4; lastKnownFileType = sourcecode.c.h; path = WSChart.h; sourceTree = "<group>"; };
		88EE1E0115AB98AC003C286D /* WSChart.m */ = {isa = PBXFileReference; fileEncoding = 4; lastKnownFileType = sourcecode.c.objc; path = WSChart.m; sourceTree = "<group>"; };
		88EE1E0215AB98AC003C286D /* WSChartAnimation.h */ = {isa = PBXFileReference; fileEncoding = 4; lastKnownFileType = sourcecode.c.h; path = WSChartAnimation.h; sourceTree = "<group>"; };
		88EE1E0315AB98AC003C286D /* WSChartAnimation.m */ = {isa = PBXFileReference; fileEncoding = 4; lastKnownFileType = sourcecode.c.objc; path = WSChartAnimation.m; sourceTree = "<group>"; };
		88EE1E0415AB98AC003C286D /* WSChartAnimationKeys.h */ = {isa = PBXFileReference; fileEncoding = 4; lastKnownFileType = sourcecode.c.h; path = WSChartAnimationKeys.h; sourceTree = "<group>"; };
		88EE1E0515AB98AC003C286D /* WSColor.h */ = {isa = PBXFileReference; fileEncoding = 4; lastKnownFileType = sourcecode.c.h; path = WSColor.h; sourceTree = "<group>"; };
		88EE1E0615AB98AC003C286D /* WSColor.m */ = {isa = PBXFileReference; fileEncoding = 4; lastKnownFileType = sourcecode.c.objc; path = WSColor.m; sourceTree = "<group>"; };
		88EE1E0715AB98AC003C286D /* WSColorScheme.h */ = {isa = PBXFileReference; fileEncoding = 4; lastKnownFileType = sourcecode.c.h; path = WSColorScheme.h; sourceTree = "<group>"; };
		88EE1E0815AB98AC003C286D /* WSColorScheme.m */ = {isa = PBXFileReference; fileEncoding = 4; lastKnownFileType = sourcecode.c.objc; path = WSColorScheme.m; sourceTree = "<group>"; };
		88EE1E0915AB98AC003C286D /* WSConnection.h */ = {isa = PBXFileReference; fileEncoding = 4; lastKnownFileType = sourcecode.c.h; path = WSConnection.h; sourceTree = "<group>"; };
		88EE1E0A15AB98AC003C286D /* WSConnection.m */ = {isa = PBXFileReference; fileEncoding = 4; lastKnownFileType = sourcecode.c.objc; path = WSConnection.m; sourceTree = "<group>"; };
		88EE1E0B15AB98AC003C286D /* WSConnectionDelegate.h */ = {isa = PBXFileReference; fileEncoding = 4; lastKnownFileType = sourcecode.c.h; path = WSConnectionDelegate.h; sourceTree = "<group>"; };
		88EE1E0C15AB98AC003C286D /* WSContour.h */ = {isa = PBXFileReference; fileEncoding = 4; lastKnownFileType = sourcecode.c.h; path = WSContour.h; sourceTree = "<group>"; };
		88EE1E0D15AB98AC003C286D /* WSContour.m */ = {isa = PBXFileReference; fileEncoding = 4; lastKnownFileType = sourcecode.c.objc; path = WSContour.m; sourceTree = "<group>"; };
		88EE1E0E15AB98AC003C286D /* WSControllerGestureDelegate.h */ = {isa = PBXFileReference; fileEncoding = 4; lastKnownFileType = sourcecode.c.h; path = WSControllerGestureDelegate.h; sourceTree = "<group>"; };
		88EE1E0F15AB98AC003C286D /* WSCoordinate.h */ = {isa = PBXFileReference; fileEncoding = 4; lastKnownFileType = sourcecode.c.h; path = WSCoordinate.h; sourceTree = "<group>"; };
		88EE1E1015AB98AC003C286D /* WSCoordinate.m */ = {isa = PBXFileReference; fileEncoding = 4; lastKnownFileType = sourcecode.c.objc; path = WSCoordinate.m; sourceTree = "<group>"; };
		88EE1E1115AB98AC003C286D /* WSCoordinateDelegate.h */ = {isa = PBXFileReference; fileEncoding = 4; lastKnownFileType = sourcecode.c.h; path = WSCoordinateDelegate.h; sourceTree = "<group>"; };
		88EE1E1215AB98AC003C286D /* WSCoordinateDirection.h */ = {isa = PBXFileReference; fileEncoding = 4; lastKnownFileType = sourcecode.c.h; path = WSCoordinateDirection.h; sourceTree = "<group>"; };
		88EE1E1315AB98AC003C286D /* WSCoordinateTransform.h */ = {isa = PBXFileReference; fileEncoding = 4; lastKnownFileType = sourcecode.c.h; path = WSCoordinateTransform.h; sourceTree = "<group>"; };
		88EE1E1415AB98AC003C286D /* WSCustomProperties.h */ = {isa = PBXFileReference; fileEncoding = 4; lastKnownFileType = sourcecode.c.h; path = WSCustomProperties.h; sourceTree = "<group>"; };
		88EE1E1515AB98AC003C286D /* WSCustomProperties.m */ = {isa = PBXFileReference; fileEncoding = 4; lastKnownFileType = sourcecode.c.objc; path = WSCustomProperties.m; sourceTree = "<group>"; };
		88EE1E1615AB98AC003C286D /* WSData.h */ = {isa = PBXFileReference; fileEncoding = 4; lastKnownFileType = sourcecode.c.h; path = WSData.h; sourceTree = "<group>"; };
		88EE1E1715AB98AC003C286D /* WSData.m */ = {isa = PBXFileReference; fileEncoding = 4; lastKnownFileType = sourcecode.c.objc; path = WSData.m; sourceTree = "<group>"; };
		88EE1E1815AB98AC003C286D /* WSDataDelegate.h */ = {isa = PBXFileReference; fileEncoding = 4; lastKnownFileType = sourcecode.c.h; path = WSDataDelegate.h; sourceTree = "<group>"; };
		88EE1E1915AB98AC003C286D /* WSDataOperations.h */ = {isa = PBXFileReference; fileEncoding = 4; lastKnownFileType = sourcecode.c.h; path = WSDataOperations.h; sourceTree = "<group>"; };
		88EE1E1A15AB98AC003C286D /* WSDataOperations.m */ = {isa = PBXFileReference; fileEncoding = 4; lastKnownFileType = sourcecode.c.objc; path = WSDataOperations.m; sourceTree = "<group>"; };
		88EE1E1B15AB98AC003C286D /* WSDataPointProperties.h */ = {isa = PBXFileReference; fileEncoding = 4; lastKnownFileType = sourcecode.c.h; path = WSDataPointProperties.h; sourceTree = "<group>"; };
		88EE1E1C15AB98AC003C286D /* WSDataPointProperties.m */ = {isa = PBXFileReference; fileEncoding = 4; lastKnownFileType = sourcecode.c.objc; path = WSDataPointProperties.m; sourceTree = "<group>"; };
		88EE1E1D15AB98AC003C286D /* WSDatum.h */ = {isa = PBXFileReference; fileEncoding = 4; lastKnownFileType = sourcecode.c.h; path = WSDatum.h; sourceTree = "<group>"; };
		88EE1E1E15AB98AC003C286D /* WSDatum.m */ = {isa = PBXFileReference; fileEncoding = 4; lastKnownFileType = sourcecode.c.objc; path = WSDatum.m; sourceTree = "<group>"; };
		88EE1E1F15AB98AC003C286D /* WSDatumCustomization.h */ = {isa = PBXFileReference; fileEncoding = 4; lastKnownFileType = sourcecode.c.h; path = WSDatumCustomization.h; sourceTree = "<group>"; };
		88EE1E2015AB98AC003C286D /* WSDiscProperties.h */ = {isa = PBXFileReference; fileEncoding = 4; lastKnownFileType = sourcecode.c.h; path = WSDiscProperties.h; sourceTree = "<group>"; };
		88EE1E2115AB98AC003C286D /* WSDiscProperties.m */ = {isa = PBXFileReference; fileEncoding = 4; lastKnownFileType = sourcecode.c.objc; path = WSDiscProperties.m; sourceTree = "<group>"; };
		88EE1E2215AB98AC003C286D /* WSFont.h */ = {isa = PBXFileReference; fileEncoding = 4; lastKnownFileType = sourcecode.c.h; path = WSFont.h; sourceTree = "<group>"; };
		88EE1E2315AB98AC003C286D /* WSFont.m */ = {isa = PBXFileReference; fileEncoding = 4; lastKnownFileType = sourcecode.c.objc; path = WSFont.m; sourceTree = "<group>"; };
		88EE1E2415AB98AC003C286D /* WSGraph.h */ = {isa = PBXFileReference; fileEncoding = 4; lastKnownFileType = sourcecode.c.h; path = WSGraph.h; sourceTree = "<group>"; };
		88EE1E2515AB98AC003C286D /* WSGraph.m */ = {isa = PBXFileReference; fileEncoding = 4; lastKnownFileType = sourcecode.c.objc; path = WSGraph.m; sourceTree = "<group>"; };
		88EE1E2615AB98AC003C286D /* WSGraphConnections.h */ = {isa = PBXFileReference; fileEncoding = 4; lastKnownFileType = sourcecode.c.h; path = WSGraphConnections.h; sourceTree = "<group>"; };
		88EE1E2715AB98AC003C286D /* WSGraphConnections.m */ = {isa = PBXFileReference; fileEncoding = 4; lastKnownFileType = sourcecode.c.objc; path = WSGraphConnections.m; sourceTree = "<group>"; };
		88EE1E2815AB98AC003C286D /* WSGraphPlotFactory.h */ = {isa = PBXFileReference; fileEncoding = 4; lastKnownFileType = sourcecode.c.h; path = WSGraphPlotFactory.h; sourceTree = "<group>"; };
		88EE1E2915AB98AC003C286D /* WSGraphPlotFactory.m */ = {isa = PBXFileReference; fileEncoding = 4; lastKnownFileType = sourcecode.c.objc; path = WSGraphPlotFactory.m; sourceTree = "<group>"; };
		88EE1E2A15AB98AC003C286D /* WSLinePlotFactory.h */ = {isa = PBXFileReference; fileEncoding = 4; lastKnownFileType = sourcecode.c.h; path = WSLinePlotFactory.h; sourceTree = "<group>"; };
		88EE1E2B15AB98AC003C286D /* WSLinePlotFactory.m */ = {isa = PBXFileReference; fileEncoding = 4; lastKnownFileType = sourcecode.c.objc; path = WSLinePlotFactory.m; sourceTree = "<group>"; };
		88EE1E2C15AB98AC003C286D /* WSNode.h */ = {isa = PBXFileReference; fileEncoding = 4; lastKnownFileType = sourcecode.c.h; path = WSNode.h; sourceTree = "<group>"; };
		88EE1E2D15AB98AC003C286D /* WSNode.m */ = {isa = PBXFileReference; fileEncoding = 4; lastKnownFileType = sourcecode.c.objc; path = WSNode.m; sourceTree = "<group>"; };
		88EE1E2E15AB98AC003C286D /* WSNodeProperties.h */ = {isa = PBXFileReference; fileEncoding = 4; lastKnownFileType = sourcecode.c.h; path = WSNodeProperties.h; sourceTree = "<group>"; };
		88EE1E2F15AB98AC003C286D /* WSNodeProperties.m */ = {isa = PBXFileReference; fileEncoding = 4; lastKnownFileType = sourcecode.c.objc; path = WSNodeProperties.m; sourceTree = "<group>"; };
		88EE1E3015AB98AC003C286D /* WSObject.h */ = {isa = PBXFileReference; fileEncoding = 4; lastKnownFileType = sourcecode.c.h; path = WSObject.h; sourceTree = "<group>"; };
		88EE1E3115AB98AC003C286D /* WSObject.m */ = {isa = PBXFileReference; fileEncoding = 4; lastKnownFileType = sourcecode.c.objc; path = WSObject.m; sourceTree = "<group>"; };
		88EE1E3215AB98AC003C286D /* WSPlot.h */ = {isa = PBXFileReference; fileEncoding = 4; lastKnownFileType = sourcecode.c.h; path = WSPlot.h; sourceTree = "<group>"; };
		88EE1E3315AB98AC003C286D /* WSPlot.m */ = {isa = PBXFileReference; fileEncoding = 4; lastKnownFileType = sourcecode.c.objc; path = WSPlot.m; sourceTree = "<group>"; };
		88EE1E3415AB98AC003C286D /* WSPlotAxis.h */ = {isa = PBXFileReference; fileEncoding = 4; lastKnownFileType = sourcecode.c.h; path = WSPlotAxis.h; sourceTree = "<group>"; };
		88EE1E3515AB98AC003C286D /* WSPlotAxis.m */ = {isa = PBXFileReference; fileEncoding = 4; lastKnownFileType = sourcecode.c.objc; path = WSPlotAxis.m; sourceTree = "<group>"; };
		88EE1E3615AB98AC003C286D /* WSPlotBar.h */ = {isa = PBXFileReference; fileEncoding = 4; lastKnownFileType = sourcecode.c.h; path = WSPlotBar.h; sourceTree = "<group>"; };
		88EE1E3715AB98AC003C286D /* WSPlotBar.m */ = {isa = PBXFileReference; fileEncoding = 4; lastKnownFileType = sourcecode.c.objc; path = WSPlotBar.m; sourceTree = "<group>"; };
		88EE1E3815AB98AC003C286D /* WSPlotController.h */ = {isa = PBXFileReference; fileEncoding = 4; lastKnownFileType = sourcecode.c.h; path = WSPlotController.h; sourceTree = "<group>"; };
		88EE1E3915AB98AC003C286D /* WSPlotController.m */ = {isa = PBXFileReference; fileEncoding = 4; lastKnownFileType = sourcecode.c.objc; path = WSPlotController.m; sourceTree = "<group>"; };
		88EE1E3A15AB98AC003C286D /* WSPlotData.h */ = {isa = PBXFileReference; fileEncoding = 4; lastKnownFileType = sourcecode.c.h; path = WSPlotData.h; sourceTree = "<group>"; };
		88EE1E3B15AB98AC003C286D /* WSPlotData.m */ = {isa = PBXFileReference; fileEncoding = 4; lastKnownFileType = sourcecode.c.objc; path = WSPlotData.m; sourceTree = "<group>"; };
		88EE1E3C15AB98AC003C286D /* WSPlotDisc.h */ = {isa = PBXFileReference; fileEncoding = 4; lastKnownFileType = sourcecode.c.h; path = WSPlotDisc.h; sourceTree = "<group>"; };
		88EE1E3D15AB98AC003C286D /* WSPlotDisc.m */ = {isa = PBXFileReference; fileEncoding = 4; lastKnownFileType = sourcecode.c.objc; path = WSPlotDisc.m; sourceTree = "<group>"; };
		88EE1E3E15AB98AC003C286D /* WSPlotFactoryDefaults.h */ = {isa = PBXFileReference; fileEncoding = 4; lastKnownFileType = sourcecode.c.h; path = WSPlotFactoryDefaults.h; sourceTree = "<group>"; };
		88EE1E3F15AB98AC003C286D /* WSPlotGraph.h */ = {isa = PBXFileReference; fileEncoding = 4; lastKnownFileType = sourcecode.c.h; path = WSPlotGraph.h; sourceTree = "<group>"; };
		88EE1E4015AB98AC003C286D /* WSPlotGraph.m */ = {isa = PBXFileReference; fileEncoding = 4; lastKnownFileType = sourcecode.c.objc; path = WSPlotGraph.m; sourceTree = "<group>"; };
		88EE1E4115AB98AC003C286D /* WSPlotRegion.h */ = {isa = PBXFileReference; fileEncoding = 4; lastKnownFileType = sourcecode.c.h; path = WSPlotRegion.h; sourceTree = "<group>"; };
		88EE1E4215AB98AC003C286D /* WSPlotRegion.m */ = {isa = PBXFileReference; fileEncoding = 4; lastKnownFileType = sourcecode.c.objc; path = WSPlotRegion.m; sourceTree = "<group>"; };
		88EE1E4315AB98AC003C286D /* WSPlotTemplate.h */ = {isa = PBXFileReference; fileEncoding = 4; lastKnownFileType = sourcecode.c.h; path = WSPlotTemplate.h; sourceTree = "<group>"; };
		88EE1E4415AB98AC003C286D /* WSPlotTemplate.m */ = {isa = PBXFileReference; fileEncoding = 4; lastKnownFileType = sourcecode.c.objc; path = WSPlotTemplate.m; sourceTree = "<group>"; };
		88EE1E4515AB98AC003C286D /* WSTicks.h */ = {isa = PBXFileReference; fileEncoding = 4; lastKnownFileType = sourcecode.c.h; path = WSTicks.h; sourceTree = "<group>"; };
		88EE1E4615AB98AC003C286D /* WSTicks.m */ = {isa = PBXFileReference; fileEncoding = 4; lastKnownFileType = sourcecode.c.objc; path = WSTicks.m; sourceTree = "<group>"; };
		88EE1E4715AB98AC003C286D /* WSVersion.h */ = {isa = PBXFileReference; fileEncoding = 4; lastKnownFileType = sourcecode.c.h; path = WSVersion.h; sourceTree = "<group>"; };
		88EE1E4815AB98AC003C286D /* WSVersion.m */ = {isa = PBXFileReference; fileEncoding = 4; lastKnownFileType = sourcecode.c.objc; path = WSVersion.m; sourceTree = "<group>"; };
		88EE1E4915AB98AC003C286D /* WSVersionDelegate.h */ = {isa = PBXFileReference; fileEncoding = 4; lastKnownFileType = sourcecode.c.h; path = WSVersionDelegate.h; sourceTree = "<group>"; };
		88EE1E4A15AB98AC003C286D /* WSView.h */ = {isa = PBXFileReference; fileEncoding = 4; lastKnownFileType = sourcecode.c.h; path = WSView.h; sourceTree = "<group>"; };
		88EE1E4B15AB98AC003C286D /* WSView.m */ = {isa = PBXFileReference; fileEncoding = 4; lastKnownFileType = sourcecode.c.objc; path = WSView.m; sourceTree = "<group>"; };
		88EE1E7A15AC9FD1003C286D /* _CPTConstraintsFixed.h */ = {isa = PBXFileReference; fileEncoding = 4; lastKnownFileType = sourcecode.c.h; path = _CPTConstraintsFixed.h; sourceTree = "<group>"; };
		88EE1E7B15AC9FD1003C286D /* _CPTConstraintsRelative.h */ = {isa = PBXFileReference; fileEncoding = 4; lastKnownFileType = sourcecode.c.h; path = _CPTConstraintsRelative.h; sourceTree = "<group>"; };
		88EE1E7C15AC9FD1003C286D /* _CPTDarkGradientTheme.h */ = {isa = PBXFileReference; fileEncoding = 4; lastKnownFileType = sourcecode.c.h; path = _CPTDarkGradientTheme.h; sourceTree = "<group>"; };
		88EE1E7D15AC9FD1003C286D /* _CPTFillColor.h */ = {isa = PBXFileReference; fileEncoding = 4; lastKnownFileType = sourcecode.c.h; path = _CPTFillColor.h; sourceTree = "<group>"; };
		88EE1E7E15AC9FD1003C286D /* _CPTFillGradient.h */ = {isa = PBXFileReference; fileEncoding = 4; lastKnownFileType = sourcecode.c.h; path = _CPTFillGradient.h; sourceTree = "<group>"; };
		88EE1E7F15AC9FD1003C286D /* _CPTFillImage.h */ = {isa = PBXFileReference; fileEncoding = 4; lastKnownFileType = sourcecode.c.h; path = _CPTFillImage.h; sourceTree = "<group>"; };
		88EE1E8015AC9FD1003C286D /* _CPTPlainBlackTheme.h */ = {isa = PBXFileReference; fileEncoding = 4; lastKnownFileType = sourcecode.c.h; path = _CPTPlainBlackTheme.h; sourceTree = "<group>"; };
		88EE1E8115AC9FD1003C286D /* _CPTPlainWhiteTheme.h */ = {isa = PBXFileReference; fileEncoding = 4; lastKnownFileType = sourcecode.c.h; path = _CPTPlainWhiteTheme.h; sourceTree = "<group>"; };
		88EE1E8215AC9FD1003C286D /* _CPTSlateTheme.h */ = {isa = PBXFileReference; fileEncoding = 4; lastKnownFileType = sourcecode.c.h; path = _CPTSlateTheme.h; sourceTree = "<group>"; };
		88EE1E8315AC9FD1003C286D /* _CPTStocksTheme.h */ = {isa = PBXFileReference; fileEncoding = 4; lastKnownFileType = sourcecode.c.h; path = _CPTStocksTheme.h; sourceTree = "<group>"; };
		88EE1E8415AC9FD1003C286D /* _CPTXYTheme.h */ = {isa = PBXFileReference; fileEncoding = 4; lastKnownFileType = sourcecode.c.h; path = _CPTXYTheme.h; sourceTree = "<group>"; };
		88EE1E8515AC9FD1003C286D /* CorePlot-CocoaTouch.h */ = {isa = PBXFileReference; fileEncoding = 4; lastKnownFileType = sourcecode.c.h; path = "CorePlot-CocoaTouch.h"; sourceTree = "<group>"; };
		88EE1E8615AC9FD1003C286D /* CPTAnnotation.h */ = {isa = PBXFileReference; fileEncoding = 4; lastKnownFileType = sourcecode.c.h; path = CPTAnnotation.h; sourceTree = "<group>"; };
		88EE1E8715AC9FD1003C286D /* CPTAnnotationHostLayer.h */ = {isa = PBXFileReference; fileEncoding = 4; lastKnownFileType = sourcecode.c.h; path = CPTAnnotationHostLayer.h; sourceTree = "<group>"; };
		88EE1E8815AC9FD1003C286D /* CPTAxis.h */ = {isa = PBXFileReference; fileEncoding = 4; lastKnownFileType = sourcecode.c.h; path = CPTAxis.h; sourceTree = "<group>"; };
		88EE1E8915AC9FD1003C286D /* CPTAxisLabel.h */ = {isa = PBXFileReference; fileEncoding = 4; lastKnownFileType = sourcecode.c.h; path = CPTAxisLabel.h; sourceTree = "<group>"; };
		88EE1E8A15AC9FD1003C286D /* CPTAxisLabelGroup.h */ = {isa = PBXFileReference; fileEncoding = 4; lastKnownFileType = sourcecode.c.h; path = CPTAxisLabelGroup.h; sourceTree = "<group>"; };
		88EE1E8B15AC9FD1003C286D /* CPTAxisSet.h */ = {isa = PBXFileReference; fileEncoding = 4; lastKnownFileType = sourcecode.c.h; path = CPTAxisSet.h; sourceTree = "<group>"; };
		88EE1E8C15AC9FD1003C286D /* CPTAxisTitle.h */ = {isa = PBXFileReference; fileEncoding = 4; lastKnownFileType = sourcecode.c.h; path = CPTAxisTitle.h; sourceTree = "<group>"; };
		88EE1E8D15AC9FD1003C286D /* CPTBarPlot.h */ = {isa = PBXFileReference; fileEncoding = 4; lastKnownFileType = sourcecode.c.h; path = CPTBarPlot.h; sourceTree = "<group>"; };
		88EE1E8E15AC9FD1003C286D /* CPTBorderedLayer.h */ = {isa = PBXFileReference; fileEncoding = 4; lastKnownFileType = sourcecode.c.h; path = CPTBorderedLayer.h; sourceTree = "<group>"; };
		88EE1E8F15AC9FD1003C286D /* CPTColor.h */ = {isa = PBXFileReference; fileEncoding = 4; lastKnownFileType = sourcecode.c.h; path = CPTColor.h; sourceTree = "<group>"; };
		88EE1E9015AC9FD1003C286D /* CPTColorSpace.h */ = {isa = PBXFileReference; fileEncoding = 4; lastKnownFileType = sourcecode.c.h; path = CPTColorSpace.h; sourceTree = "<group>"; };
		88EE1E9115AC9FD1003C286D /* CPTConstraints.h */ = {isa = PBXFileReference; fileEncoding = 4; lastKnownFileType = sourcecode.c.h; path = CPTConstraints.h; sourceTree = "<group>"; };
		88EE1E9215AC9FD1003C286D /* CPTDefinitions.h */ = {isa = PBXFileReference; fileEncoding = 4; lastKnownFileType = sourcecode.c.h; path = CPTDefinitions.h; sourceTree = "<group>"; };
		88EE1E9315AC9FD1003C286D /* CPTExceptions.h */ = {isa = PBXFileReference; fileEncoding = 4; lastKnownFileType = sourcecode.c.h; path = CPTExceptions.h; sourceTree = "<group>"; };
		88EE1E9415AC9FD1003C286D /* CPTFill.h */ = {isa = PBXFileReference; fileEncoding = 4; lastKnownFileType = sourcecode.c.h; path = CPTFill.h; sourceTree = "<group>"; };
		88EE1E9515AC9FD1003C286D /* CPTGradient.h */ = {isa = PBXFileReference; fileEncoding = 4; lastKnownFileType = sourcecode.c.h; path = CPTGradient.h; sourceTree = "<group>"; };
		88EE1E9615AC9FD1003C286D /* CPTGraph.h */ = {isa = PBXFileReference; fileEncoding = 4; lastKnownFileType = sourcecode.c.h; path = CPTGraph.h; sourceTree = "<group>"; };
		88EE1E9715AC9FD1003C286D /* CPTGraphHostingView.h */ = {isa = PBXFileReference; fileEncoding = 4; lastKnownFileType = sourcecode.c.h; path = CPTGraphHostingView.h; sourceTree = "<group>"; };
		88EE1E9815AC9FD1003C286D /* CPTGridLineGroup.h */ = {isa = PBXFileReference; fileEncoding = 4; lastKnownFileType = sourcecode.c.h; path = CPTGridLineGroup.h; sourceTree = "<group>"; };
		88EE1E9915AC9FD1003C286D /* CPTGridLines.h */ = {isa = PBXFileReference; fileEncoding = 4; lastKnownFileType = sourcecode.c.h; path = CPTGridLines.h; sourceTree = "<group>"; };
		88EE1E9A15AC9FD1003C286D /* CPTImage.h */ = {isa = PBXFileReference; fileEncoding = 4; lastKnownFileType = sourcecode.c.h; path = CPTImage.h; sourceTree = "<group>"; };
		88EE1E9B15AC9FD1003C286D /* CPTLayer.h */ = {isa = PBXFileReference; fileEncoding = 4; lastKnownFileType = sourcecode.c.h; path = CPTLayer.h; sourceTree = "<group>"; };
		88EE1E9C15AC9FD1003C286D /* CPTLayerAnnotation.h */ = {isa = PBXFileReference; fileEncoding = 4; lastKnownFileType = sourcecode.c.h; path = CPTLayerAnnotation.h; sourceTree = "<group>"; };
		88EE1E9D15AC9FD1003C286D /* CPTLegend.h */ = {isa = PBXFileReference; fileEncoding = 4; lastKnownFileType = sourcecode.c.h; path = CPTLegend.h; sourceTree = "<group>"; };
		88EE1E9E15AC9FD1003C286D /* CPTLegendEntry.h */ = {isa = PBXFileReference; fileEncoding = 4; lastKnownFileType = sourcecode.c.h; path = CPTLegendEntry.h; sourceTree = "<group>"; };
		88EE1E9F15AC9FD1003C286D /* CPTLimitBand.h */ = {isa = PBXFileReference; fileEncoding = 4; lastKnownFileType = sourcecode.c.h; path = CPTLimitBand.h; sourceTree = "<group>"; };
		88EE1EA015AC9FD1003C286D /* CPTLineCap.h */ = {isa = PBXFileReference; fileEncoding = 4; lastKnownFileType = sourcecode.c.h; path = CPTLineCap.h; sourceTree = "<group>"; };
		88EE1EA115AC9FD1003C286D /* CPTLineStyle.h */ = {isa = PBXFileReference; fileEncoding = 4; lastKnownFileType = sourcecode.c.h; path = CPTLineStyle.h; sourceTree = "<group>"; };
		88EE1EA215AC9FD1003C286D /* CPTMutableLineStyle.h */ = {isa = PBXFileReference; fileEncoding = 4; lastKnownFileType = sourcecode.c.h; path = CPTMutableLineStyle.h; sourceTree = "<group>"; };
		88EE1EA315AC9FD1003C286D /* CPTMutableNumericData+TypeConversion.h */ = {isa = PBXFileReference; fileEncoding = 4; lastKnownFileType = sourcecode.c.h; path = "CPTMutableNumericData+TypeConversion.h"; sourceTree = "<group>"; };
		88EE1EA415AC9FD1003C286D /* CPTMutableNumericData.h */ = {isa = PBXFileReference; fileEncoding = 4; lastKnownFileType = sourcecode.c.h; path = CPTMutableNumericData.h; sourceTree = "<group>"; };
		88EE1EA515AC9FD1003C286D /* CPTMutablePlotRange.h */ = {isa = PBXFileReference; fileEncoding = 4; lastKnownFileType = sourcecode.c.h; path = CPTMutablePlotRange.h; sourceTree = "<group>"; };
		88EE1EA615AC9FD1003C286D /* CPTMutableShadow.h */ = {isa = PBXFileReference; fileEncoding = 4; lastKnownFileType = sourcecode.c.h; path = CPTMutableShadow.h; sourceTree = "<group>"; };
		88EE1EA715AC9FD1003C286D /* CPTMutableTextStyle.h */ = {isa = PBXFileReference; fileEncoding = 4; lastKnownFileType = sourcecode.c.h; path = CPTMutableTextStyle.h; sourceTree = "<group>"; };
		88EE1EA815AC9FD1003C286D /* CPTNumericData+TypeConversion.h */ = {isa = PBXFileReference; fileEncoding = 4; lastKnownFileType = sourcecode.c.h; path = "CPTNumericData+TypeConversion.h"; sourceTree = "<group>"; };
		88EE1EA915AC9FD1003C286D /* CPTNumericData.h */ = {isa = PBXFileReference; fileEncoding = 4; lastKnownFileType = sourcecode.c.h; path = CPTNumericData.h; sourceTree = "<group>"; };
		88EE1EAA15AC9FD1003C286D /* CPTNumericDataType.h */ = {isa = PBXFileReference; fileEncoding = 4; lastKnownFileType = sourcecode.c.h; path = CPTNumericDataType.h; sourceTree = "<group>"; };
		88EE1EAB15AC9FD1003C286D /* CPTPathExtensions.h */ = {isa = PBXFileReference; fileEncoding = 4; lastKnownFileType = sourcecode.c.h; path = CPTPathExtensions.h; sourceTree = "<group>"; };
		88EE1EAC15AC9FD1003C286D /* CPTPieChart.h */ = {isa = PBXFileReference; fileEncoding = 4; lastKnownFileType = sourcecode.c.h; path = CPTPieChart.h; sourceTree = "<group>"; };
		88EE1EAD15AC9FD1003C286D /* CPTPlatformSpecificCategories.h */ = {isa = PBXFileReference; fileEncoding = 4; lastKnownFileType = sourcecode.c.h; path = CPTPlatformSpecificCategories.h; sourceTree = "<group>"; };
		88EE1EAE15AC9FD1003C286D /* CPTPlatformSpecificDefines.h */ = {isa = PBXFileReference; fileEncoding = 4; lastKnownFileType = sourcecode.c.h; path = CPTPlatformSpecificDefines.h; sourceTree = "<group>"; };
		88EE1EAF15AC9FD1003C286D /* CPTPlatformSpecificFunctions.h */ = {isa = PBXFileReference; fileEncoding = 4; lastKnownFileType = sourcecode.c.h; path = CPTPlatformSpecificFunctions.h; sourceTree = "<group>"; };
		88EE1EB015AC9FD1003C286D /* CPTPlot.h */ = {isa = PBXFileReference; fileEncoding = 4; lastKnownFileType = sourcecode.c.h; path = CPTPlot.h; sourceTree = "<group>"; };
		88EE1EB115AC9FD1003C286D /* CPTPlotArea.h */ = {isa = PBXFileReference; fileEncoding = 4; lastKnownFileType = sourcecode.c.h; path = CPTPlotArea.h; sourceTree = "<group>"; };
		88EE1EB215AC9FD1003C286D /* CPTPlotAreaFrame.h */ = {isa = PBXFileReference; fileEncoding = 4; lastKnownFileType = sourcecode.c.h; path = CPTPlotAreaFrame.h; sourceTree = "<group>"; };
		88EE1EB315AC9FD1003C286D /* CPTPlotGroup.h */ = {isa = PBXFileReference; fileEncoding = 4; lastKnownFileType = sourcecode.c.h; path = CPTPlotGroup.h; sourceTree = "<group>"; };
		88EE1EB415AC9FD1003C286D /* CPTPlotRange.h */ = {isa = PBXFileReference; fileEncoding = 4; lastKnownFileType = sourcecode.c.h; path = CPTPlotRange.h; sourceTree = "<group>"; };
		88EE1EB515AC9FD1003C286D /* CPTPlotSpace.h */ = {isa = PBXFileReference; fileEncoding = 4; lastKnownFileType = sourcecode.c.h; path = CPTPlotSpace.h; sourceTree = "<group>"; };
		88EE1EB615AC9FD1003C286D /* CPTPlotSpaceAnnotation.h */ = {isa = PBXFileReference; fileEncoding = 4; lastKnownFileType = sourcecode.c.h; path = CPTPlotSpaceAnnotation.h; sourceTree = "<group>"; };
		88EE1EB715AC9FD1003C286D /* CPTPlotSymbol.h */ = {isa = PBXFileReference; fileEncoding = 4; lastKnownFileType = sourcecode.c.h; path = CPTPlotSymbol.h; sourceTree = "<group>"; };
		88EE1EB815AC9FD1003C286D /* CPTRangePlot.h */ = {isa = PBXFileReference; fileEncoding = 4; lastKnownFileType = sourcecode.c.h; path = CPTRangePlot.h; sourceTree = "<group>"; };
		88EE1EB915AC9FD1003C286D /* CPTResponder.h */ = {isa = PBXFileReference; fileEncoding = 4; lastKnownFileType = sourcecode.c.h; path = CPTResponder.h; sourceTree = "<group>"; };
		88EE1EBA15AC9FD1003C286D /* CPTScatterPlot.h */ = {isa = PBXFileReference; fileEncoding = 4; lastKnownFileType = sourcecode.c.h; path = CPTScatterPlot.h; sourceTree = "<group>"; };
		88EE1EBB15AC9FD1003C286D /* CPTShadow.h */ = {isa = PBXFileReference; fileEncoding = 4; lastKnownFileType = sourcecode.c.h; path = CPTShadow.h; sourceTree = "<group>"; };
		88EE1EBC15AC9FD1003C286D /* CPTTextLayer.h */ = {isa = PBXFileReference; fileEncoding = 4; lastKnownFileType = sourcecode.c.h; path = CPTTextLayer.h; sourceTree = "<group>"; };
		88EE1EBD15AC9FD1003C286D /* CPTTextStyle.h */ = {isa = PBXFileReference; fileEncoding = 4; lastKnownFileType = sourcecode.c.h; path = CPTTextStyle.h; sourceTree = "<group>"; };
		88EE1EBE15AC9FD1003C286D /* CPTTheme.h */ = {isa = PBXFileReference; fileEncoding = 4; lastKnownFileType = sourcecode.c.h; path = CPTTheme.h; sourceTree = "<group>"; };
		88EE1EBF15AC9FD1003C286D /* CPTTimeFormatter.h */ = {isa = PBXFileReference; fileEncoding = 4; lastKnownFileType = sourcecode.c.h; path = CPTTimeFormatter.h; sourceTree = "<group>"; };
		88EE1EC015AC9FD1003C286D /* CPTTradingRangePlot.h */ = {isa = PBXFileReference; fileEncoding = 4; lastKnownFileType = sourcecode.c.h; path = CPTTradingRangePlot.h; sourceTree = "<group>"; };
		88EE1EC115AC9FD1003C286D /* CPTUtilities.h */ = {isa = PBXFileReference; fileEncoding = 4; lastKnownFileType = sourcecode.c.h; path = CPTUtilities.h; sourceTree = "<group>"; };
		88EE1EC215AC9FD1003C286D /* CPTXYAxis.h */ = {isa = PBXFileReference; fileEncoding = 4; lastKnownFileType = sourcecode.c.h; path = CPTXYAxis.h; sourceTree = "<group>"; };
		88EE1EC315AC9FD1003C286D /* CPTXYAxisSet.h */ = {isa = PBXFileReference; fileEncoding = 4; lastKnownFileType = sourcecode.c.h; path = CPTXYAxisSet.h; sourceTree = "<group>"; };
		88EE1EC415AC9FD1003C286D /* CPTXYGraph.h */ = {isa = PBXFileReference; fileEncoding = 4; lastKnownFileType = sourcecode.c.h; path = CPTXYGraph.h; sourceTree = "<group>"; };
		88EE1EC515AC9FD1003C286D /* CPTXYPlotSpace.h */ = {isa = PBXFileReference; fileEncoding = 4; lastKnownFileType = sourcecode.c.h; path = CPTXYPlotSpace.h; sourceTree = "<group>"; };
		88EE1EC615AC9FD1003C286D /* NSCoderExtensions.h */ = {isa = PBXFileReference; fileEncoding = 4; lastKnownFileType = sourcecode.c.h; path = NSCoderExtensions.h; sourceTree = "<group>"; };
		88EE1EC715AC9FD1003C286D /* NSDecimalNumberExtensions.h */ = {isa = PBXFileReference; fileEncoding = 4; lastKnownFileType = sourcecode.c.h; path = NSDecimalNumberExtensions.h; sourceTree = "<group>"; };
		88EE1EC815AC9FD1003C286D /* NSNumberExtensions.h */ = {isa = PBXFileReference; fileEncoding = 4; lastKnownFileType = sourcecode.c.h; path = NSNumberExtensions.h; sourceTree = "<group>"; };
		88EE1EC915AC9FD1003C286D /* libCorePlot-CocoaTouch.a */ = {isa = PBXFileReference; lastKnownFileType = archive.ar; path = "libCorePlot-CocoaTouch.a"; sourceTree = "<group>"; };
		88EE1EED15ACB485003C286D /* ColoredBarChart.h */ = {isa = PBXFileReference; fileEncoding = 4; lastKnownFileType = sourcecode.c.h; name = ColoredBarChart.h; path = BarChart/ColoredBarChart.h; sourceTree = "<group>"; };
		88EE1EEE15ACB485003C286D /* ColoredBarChart.m */ = {isa = PBXFileReference; fileEncoding = 4; lastKnownFileType = sourcecode.c.objc; name = ColoredBarChart.m; path = BarChart/ColoredBarChart.m; sourceTree = "<group>"; };
		88EE1EEF15ACB485003C286D /* PlotItem.h */ = {isa = PBXFileReference; fileEncoding = 4; lastKnownFileType = sourcecode.c.h; name = PlotItem.h; path = BarChart/PlotItem.h; sourceTree = "<group>"; };
		88EE1EF015ACB485003C286D /* PlotItem.m */ = {isa = PBXFileReference; fileEncoding = 4; lastKnownFileType = sourcecode.c.objc; name = PlotItem.m; path = BarChart/PlotItem.m; sourceTree = "<group>"; };
		88EE1EF315ACB5EE003C286D /* PlotGallery.h */ = {isa = PBXFileReference; fileEncoding = 4; lastKnownFileType = sourcecode.c.h; name = PlotGallery.h; path = BarChart/PlotGallery.h; sourceTree = "<group>"; };
		88EE1EF415ACB5EE003C286D /* PlotGallery.m */ = {isa = PBXFileReference; fileEncoding = 4; lastKnownFileType = sourcecode.c.objc; name = PlotGallery.m; path = BarChart/PlotGallery.m; sourceTree = "<group>"; };
/* End PBXFileReference section */

/* Begin PBXFrameworksBuildPhase section */
		88D0766315A72CF5007808FE /* Frameworks */ = {
			isa = PBXFrameworksBuildPhase;
			buildActionMask = 2147483647;
			files = (
				88D0769615A72DF6007808FE /* Security.framework in Frameworks */,
				88D0769415A72DF0007808FE /* libz.dylib in Frameworks */,
				88D0769215A72DE9007808FE /* MobileCoreServices.framework in Frameworks */,
				88D0769015A72DE1007808FE /* MediaPlayer.framework in Frameworks */,
				88D0768E15A72DDB007808FE /* libstdc++.dylib in Frameworks */,
				88D0768C15A72DD2007808FE /* CoreText.framework in Frameworks */,
				88D0768A15A72DCB007808FE /* QuartzCore.framework in Frameworks */,
				88D0768815A72DC2007808FE /* CoreLocation.framework in Frameworks */,
				88D0766B15A72CF5007808FE /* UIKit.framework in Frameworks */,
				88D0766D15A72CF5007808FE /* Foundation.framework in Frameworks */,
				88D0766F15A72CF5007808FE /* CoreGraphics.framework in Frameworks */,
				88EE1ECA15AC9FD1003C286D /* libCorePlot-CocoaTouch.a in Frameworks */,
			);
			runOnlyForDeploymentPostprocessing = 0;
		};
/* End PBXFrameworksBuildPhase section */

/* Begin PBXGroup section */
		88D0765B15A72CF5007808FE = {
			isa = PBXGroup;
			children = (
				88D0769715A72E71007808FE /* ArcGIS.bundle */,
				88D0769515A72DF6007808FE /* Security.framework */,
				88D0769315A72DF0007808FE /* libz.dylib */,
				88D0769115A72DE9007808FE /* MobileCoreServices.framework */,
				88D0768F15A72DE1007808FE /* MediaPlayer.framework */,
				88D0768D15A72DDB007808FE /* libstdc++.dylib */,
				88D0768B15A72DD2007808FE /* CoreText.framework */,
				88D0768915A72DCB007808FE /* QuartzCore.framework */,
				88D0768715A72DC2007808FE /* CoreLocation.framework */,
				88D0767015A72CF5007808FE /* UCDemoGP */,
				88D0766915A72CF5007808FE /* Frameworks */,
				88D0766715A72CF5007808FE /* Products */,
			);
			sourceTree = "<group>";
		};
		88D0766715A72CF5007808FE /* Products */ = {
			isa = PBXGroup;
			children = (
				88D0766615A72CF5007808FE /* UCDemoGP.app */,
			);
			name = Products;
			sourceTree = "<group>";
		};
		88D0766915A72CF5007808FE /* Frameworks */ = {
			isa = PBXGroup;
			children = (
				88D0766A15A72CF5007808FE /* UIKit.framework */,
				88D0766C15A72CF5007808FE /* Foundation.framework */,
				88D0766E15A72CF5007808FE /* CoreGraphics.framework */,
			);
			name = Frameworks;
			sourceTree = "<group>";
		};
		88D0767015A72CF5007808FE /* UCDemoGP */ = {
			isa = PBXGroup;
			children = (
				88EE1EEC15ACB431003C286D /* BarChart */,
				88EE1E7815AC9FD0003C286D /* CorePlot */,
				88EE1DE315AB98AC003C286D /* PowerPlot_lib */,
				88D0767915A72CF6007808FE /* AppDelegate.h */,
				88D0767A15A72CF6007808FE /* AppDelegate.m */,
				88D0767C15A72CF6007808FE /* MapViewController.h */,
				88D0767D15A72CF6007808FE /* MapViewController.m */,
				88D0767F15A72CF6007808FE /* MapViewController.xib */,
				88D0767115A72CF5007808FE /* Supporting Files */,
				88D0769915A78375007808FE /* EditGraphicViewController.h */,
				88D0769A15A78375007808FE /* EditGraphicViewController.m */,
				88D0769B15A78375007808FE /* EditGraphicViewController.xib */,
			);
			path = UCDemoGP;
			sourceTree = "<group>";
		};
		88D0767115A72CF5007808FE /* Supporting Files */ = {
			isa = PBXGroup;
			children = (
				88D0767215A72CF5007808FE /* UCDemoGP-Info.plist */,
				88D0767315A72CF5007808FE /* InfoPlist.strings */,
				88D0767615A72CF5007808FE /* main.m */,
				88D0767815A72CF6007808FE /* UCDemoGP-Prefix.pch */,
			);
			name = "Supporting Files";
			sourceTree = "<group>";
		};
		88EE1DE315AB98AC003C286D /* PowerPlot_lib */ = {
			isa = PBXGroup;
			children = (
				88EE1DE415AB98AC003C286D /* NAAmethyst.h */,
				88EE1DE515AB98AC003C286D /* NAArrow.c */,
				88EE1DE615AB98AC003C286D /* NAArrow.h */,
				88EE1DE715AB98AC003C286D /* NABase.h */,
				88EE1DE815AB98AC003C286D /* NABezierControlPoints.c */,
				88EE1DE915AB98AC003C286D /* NABezierControlPoints.h */,
				88EE1DEA15AB98AC003C286D /* NADashing.c */,
				88EE1DEB15AB98AC003C286D /* NADashing.h */,
				88EE1DEC15AB98AC003C286D /* NALineIntersection.c */,
				88EE1DED15AB98AC003C286D /* NALineIntersection.h */,
				88EE1DEE15AB98AC003C286D /* NALineRectangleIntersection.c */,
				88EE1DEF15AB98AC003C286D /* NALineRectangleIntersection.h */,
				88EE1DF015AB98AC003C286D /* NARange.h */,
				88EE1DF115AB98AC003C286D /* NASymbol.c */,
				88EE1DF215AB98AC003C286D /* NASymbol.h */,
				88EE1DF315AB98AC003C286D /* PowerPlot.h */,
				88EE1DF415AB98AC003C286D /* WSAuxiliary.h */,
				88EE1DF515AB98AC003C286D /* WSAxisLocation.h */,
				88EE1DF615AB98AC003C286D /* WSAxisLocation.m */,
				88EE1DF715AB98AC003C286D /* WSAxisLocationDelegate.h */,
				88EE1DF815AB98AC003C286D /* WSAxisProperties.h */,
				88EE1DF915AB98AC003C286D /* WSAxisProperties.m */,
				88EE1DFA15AB98AC003C286D /* WSBarPlotFactory.h */,
				88EE1DFB15AB98AC003C286D /* WSBarPlotFactory.m */,
				88EE1DFC15AB98AC003C286D /* WSBarProperties.h */,
				88EE1DFD15AB98AC003C286D /* WSBarProperties.m */,
				88EE1DFE15AB98AC003C286D /* WSBinning.h */,
				88EE1DFF15AB98AC003C286D /* WSBinning.m */,
				88EE1E0015AB98AC003C286D /* WSChart.h */,
				88EE1E0115AB98AC003C286D /* WSChart.m */,
				88EE1E0215AB98AC003C286D /* WSChartAnimation.h */,
				88EE1E0315AB98AC003C286D /* WSChartAnimation.m */,
				88EE1E0415AB98AC003C286D /* WSChartAnimationKeys.h */,
				88EE1E0515AB98AC003C286D /* WSColor.h */,
				88EE1E0615AB98AC003C286D /* WSColor.m */,
				88EE1E0715AB98AC003C286D /* WSColorScheme.h */,
				88EE1E0815AB98AC003C286D /* WSColorScheme.m */,
				88EE1E0915AB98AC003C286D /* WSConnection.h */,
				88EE1E0A15AB98AC003C286D /* WSConnection.m */,
				88EE1E0B15AB98AC003C286D /* WSConnectionDelegate.h */,
				88EE1E0C15AB98AC003C286D /* WSContour.h */,
				88EE1E0D15AB98AC003C286D /* WSContour.m */,
				88EE1E0E15AB98AC003C286D /* WSControllerGestureDelegate.h */,
				88EE1E0F15AB98AC003C286D /* WSCoordinate.h */,
				88EE1E1015AB98AC003C286D /* WSCoordinate.m */,
				88EE1E1115AB98AC003C286D /* WSCoordinateDelegate.h */,
				88EE1E1215AB98AC003C286D /* WSCoordinateDirection.h */,
				88EE1E1315AB98AC003C286D /* WSCoordinateTransform.h */,
				88EE1E1415AB98AC003C286D /* WSCustomProperties.h */,
				88EE1E1515AB98AC003C286D /* WSCustomProperties.m */,
				88EE1E1615AB98AC003C286D /* WSData.h */,
				88EE1E1715AB98AC003C286D /* WSData.m */,
				88EE1E1815AB98AC003C286D /* WSDataDelegate.h */,
				88EE1E1915AB98AC003C286D /* WSDataOperations.h */,
				88EE1E1A15AB98AC003C286D /* WSDataOperations.m */,
				88EE1E1B15AB98AC003C286D /* WSDataPointProperties.h */,
				88EE1E1C15AB98AC003C286D /* WSDataPointProperties.m */,
				88EE1E1D15AB98AC003C286D /* WSDatum.h */,
				88EE1E1E15AB98AC003C286D /* WSDatum.m */,
				88EE1E1F15AB98AC003C286D /* WSDatumCustomization.h */,
				88EE1E2015AB98AC003C286D /* WSDiscProperties.h */,
				88EE1E2115AB98AC003C286D /* WSDiscProperties.m */,
				88EE1E2215AB98AC003C286D /* WSFont.h */,
				88EE1E2315AB98AC003C286D /* WSFont.m */,
				88EE1E2415AB98AC003C286D /* WSGraph.h */,
				88EE1E2515AB98AC003C286D /* WSGraph.m */,
				88EE1E2615AB98AC003C286D /* WSGraphConnections.h */,
				88EE1E2715AB98AC003C286D /* WSGraphConnections.m */,
				88EE1E2815AB98AC003C286D /* WSGraphPlotFactory.h */,
				88EE1E2915AB98AC003C286D /* WSGraphPlotFactory.m */,
				88EE1E2A15AB98AC003C286D /* WSLinePlotFactory.h */,
				88EE1E2B15AB98AC003C286D /* WSLinePlotFactory.m */,
				88EE1E2C15AB98AC003C286D /* WSNode.h */,
				88EE1E2D15AB98AC003C286D /* WSNode.m */,
				88EE1E2E15AB98AC003C286D /* WSNodeProperties.h */,
				88EE1E2F15AB98AC003C286D /* WSNodeProperties.m */,
				88EE1E3015AB98AC003C286D /* WSObject.h */,
				88EE1E3115AB98AC003C286D /* WSObject.m */,
				88EE1E3215AB98AC003C286D /* WSPlot.h */,
				88EE1E3315AB98AC003C286D /* WSPlot.m */,
				88EE1E3415AB98AC003C286D /* WSPlotAxis.h */,
				88EE1E3515AB98AC003C286D /* WSPlotAxis.m */,
				88EE1E3615AB98AC003C286D /* WSPlotBar.h */,
				88EE1E3715AB98AC003C286D /* WSPlotBar.m */,
				88EE1E3815AB98AC003C286D /* WSPlotController.h */,
				88EE1E3915AB98AC003C286D /* WSPlotController.m */,
				88EE1E3A15AB98AC003C286D /* WSPlotData.h */,
				88EE1E3B15AB98AC003C286D /* WSPlotData.m */,
				88EE1E3C15AB98AC003C286D /* WSPlotDisc.h */,
				88EE1E3D15AB98AC003C286D /* WSPlotDisc.m */,
				88EE1E3E15AB98AC003C286D /* WSPlotFactoryDefaults.h */,
				88EE1E3F15AB98AC003C286D /* WSPlotGraph.h */,
				88EE1E4015AB98AC003C286D /* WSPlotGraph.m */,
				88EE1E4115AB98AC003C286D /* WSPlotRegion.h */,
				88EE1E4215AB98AC003C286D /* WSPlotRegion.m */,
				88EE1E4315AB98AC003C286D /* WSPlotTemplate.h */,
				88EE1E4415AB98AC003C286D /* WSPlotTemplate.m */,
				88EE1E4515AB98AC003C286D /* WSTicks.h */,
				88EE1E4615AB98AC003C286D /* WSTicks.m */,
				88EE1E4715AB98AC003C286D /* WSVersion.h */,
				88EE1E4815AB98AC003C286D /* WSVersion.m */,
				88EE1E4915AB98AC003C286D /* WSVersionDelegate.h */,
				88EE1E4A15AB98AC003C286D /* WSView.h */,
				88EE1E4B15AB98AC003C286D /* WSView.m */,
			);
			path = PowerPlot_lib;
			sourceTree = "<group>";
		};
		88EE1E7815AC9FD0003C286D /* CorePlot */ = {
			isa = PBXGroup;
			children = (
				88EE1E7915AC9FD1003C286D /* CorePlotHeaders */,
				88EE1EC915AC9FD1003C286D /* libCorePlot-CocoaTouch.a */,
			);
			path = CorePlot;
			sourceTree = "<group>";
		};
		88EE1E7915AC9FD1003C286D /* CorePlotHeaders */ = {
			isa = PBXGroup;
			children = (
				88EE1E7A15AC9FD1003C286D /* _CPTConstraintsFixed.h */,
				88EE1E7B15AC9FD1003C286D /* _CPTConstraintsRelative.h */,
				88EE1E7C15AC9FD1003C286D /* _CPTDarkGradientTheme.h */,
				88EE1E7D15AC9FD1003C286D /* _CPTFillColor.h */,
				88EE1E7E15AC9FD1003C286D /* _CPTFillGradient.h */,
				88EE1E7F15AC9FD1003C286D /* _CPTFillImage.h */,
				88EE1E8015AC9FD1003C286D /* _CPTPlainBlackTheme.h */,
				88EE1E8115AC9FD1003C286D /* _CPTPlainWhiteTheme.h */,
				88EE1E8215AC9FD1003C286D /* _CPTSlateTheme.h */,
				88EE1E8315AC9FD1003C286D /* _CPTStocksTheme.h */,
				88EE1E8415AC9FD1003C286D /* _CPTXYTheme.h */,
				88EE1E8515AC9FD1003C286D /* CorePlot-CocoaTouch.h */,
				88EE1E8615AC9FD1003C286D /* CPTAnnotation.h */,
				88EE1E8715AC9FD1003C286D /* CPTAnnotationHostLayer.h */,
				88EE1E8815AC9FD1003C286D /* CPTAxis.h */,
				88EE1E8915AC9FD1003C286D /* CPTAxisLabel.h */,
				88EE1E8A15AC9FD1003C286D /* CPTAxisLabelGroup.h */,
				88EE1E8B15AC9FD1003C286D /* CPTAxisSet.h */,
				88EE1E8C15AC9FD1003C286D /* CPTAxisTitle.h */,
				88EE1E8D15AC9FD1003C286D /* CPTBarPlot.h */,
				88EE1E8E15AC9FD1003C286D /* CPTBorderedLayer.h */,
				88EE1E8F15AC9FD1003C286D /* CPTColor.h */,
				88EE1E9015AC9FD1003C286D /* CPTColorSpace.h */,
				88EE1E9115AC9FD1003C286D /* CPTConstraints.h */,
				88EE1E9215AC9FD1003C286D /* CPTDefinitions.h */,
				88EE1E9315AC9FD1003C286D /* CPTExceptions.h */,
				88EE1E9415AC9FD1003C286D /* CPTFill.h */,
				88EE1E9515AC9FD1003C286D /* CPTGradient.h */,
				88EE1E9615AC9FD1003C286D /* CPTGraph.h */,
				88EE1E9715AC9FD1003C286D /* CPTGraphHostingView.h */,
				88EE1E9815AC9FD1003C286D /* CPTGridLineGroup.h */,
				88EE1E9915AC9FD1003C286D /* CPTGridLines.h */,
				88EE1E9A15AC9FD1003C286D /* CPTImage.h */,
				88EE1E9B15AC9FD1003C286D /* CPTLayer.h */,
				88EE1E9C15AC9FD1003C286D /* CPTLayerAnnotation.h */,
				88EE1E9D15AC9FD1003C286D /* CPTLegend.h */,
				88EE1E9E15AC9FD1003C286D /* CPTLegendEntry.h */,
				88EE1E9F15AC9FD1003C286D /* CPTLimitBand.h */,
				88EE1EA015AC9FD1003C286D /* CPTLineCap.h */,
				88EE1EA115AC9FD1003C286D /* CPTLineStyle.h */,
				88EE1EA215AC9FD1003C286D /* CPTMutableLineStyle.h */,
				88EE1EA315AC9FD1003C286D /* CPTMutableNumericData+TypeConversion.h */,
				88EE1EA415AC9FD1003C286D /* CPTMutableNumericData.h */,
				88EE1EA515AC9FD1003C286D /* CPTMutablePlotRange.h */,
				88EE1EA615AC9FD1003C286D /* CPTMutableShadow.h */,
				88EE1EA715AC9FD1003C286D /* CPTMutableTextStyle.h */,
				88EE1EA815AC9FD1003C286D /* CPTNumericData+TypeConversion.h */,
				88EE1EA915AC9FD1003C286D /* CPTNumericData.h */,
				88EE1EAA15AC9FD1003C286D /* CPTNumericDataType.h */,
				88EE1EAB15AC9FD1003C286D /* CPTPathExtensions.h */,
				88EE1EAC15AC9FD1003C286D /* CPTPieChart.h */,
				88EE1EAD15AC9FD1003C286D /* CPTPlatformSpecificCategories.h */,
				88EE1EAE15AC9FD1003C286D /* CPTPlatformSpecificDefines.h */,
				88EE1EAF15AC9FD1003C286D /* CPTPlatformSpecificFunctions.h */,
				88EE1EB015AC9FD1003C286D /* CPTPlot.h */,
				88EE1EB115AC9FD1003C286D /* CPTPlotArea.h */,
				88EE1EB215AC9FD1003C286D /* CPTPlotAreaFrame.h */,
				88EE1EB315AC9FD1003C286D /* CPTPlotGroup.h */,
				88EE1EB415AC9FD1003C286D /* CPTPlotRange.h */,
				88EE1EB515AC9FD1003C286D /* CPTPlotSpace.h */,
				88EE1EB615AC9FD1003C286D /* CPTPlotSpaceAnnotation.h */,
				88EE1EB715AC9FD1003C286D /* CPTPlotSymbol.h */,
				88EE1EB815AC9FD1003C286D /* CPTRangePlot.h */,
				88EE1EB915AC9FD1003C286D /* CPTResponder.h */,
				88EE1EBA15AC9FD1003C286D /* CPTScatterPlot.h */,
				88EE1EBB15AC9FD1003C286D /* CPTShadow.h */,
				88EE1EBC15AC9FD1003C286D /* CPTTextLayer.h */,
				88EE1EBD15AC9FD1003C286D /* CPTTextStyle.h */,
				88EE1EBE15AC9FD1003C286D /* CPTTheme.h */,
				88EE1EBF15AC9FD1003C286D /* CPTTimeFormatter.h */,
				88EE1EC015AC9FD1003C286D /* CPTTradingRangePlot.h */,
				88EE1EC115AC9FD1003C286D /* CPTUtilities.h */,
				88EE1EC215AC9FD1003C286D /* CPTXYAxis.h */,
				88EE1EC315AC9FD1003C286D /* CPTXYAxisSet.h */,
				88EE1EC415AC9FD1003C286D /* CPTXYGraph.h */,
				88EE1EC515AC9FD1003C286D /* CPTXYPlotSpace.h */,
				88EE1EC615AC9FD1003C286D /* NSCoderExtensions.h */,
				88EE1EC715AC9FD1003C286D /* NSDecimalNumberExtensions.h */,
				88EE1EC815AC9FD1003C286D /* NSNumberExtensions.h */,
			);
			path = CorePlotHeaders;
			sourceTree = "<group>";
		};
		88EE1EEC15ACB431003C286D /* BarChart */ = {
			isa = PBXGroup;
			children = (
				88EE1EF315ACB5EE003C286D /* PlotGallery.h */,
				88EE1EF415ACB5EE003C286D /* PlotGallery.m */,
				88EE1EED15ACB485003C286D /* ColoredBarChart.h */,
				88EE1EEE15ACB485003C286D /* ColoredBarChart.m */,
				88EE1EEF15ACB485003C286D /* PlotItem.h */,
				88EE1EF015ACB485003C286D /* PlotItem.m */,
				88EE1D7415AB7BA4003C286D /* GraphViewController.h */,
				88EE1D7515AB7BA4003C286D /* GraphViewController.m */,
				88EE1D7615AB7BA4003C286D /* GraphViewController.xib */,
			);
			name = BarChart;
			sourceTree = "<group>";
		};
/* End PBXGroup section */

/* Begin PBXNativeTarget section */
		88D0766515A72CF5007808FE /* UCDemoGP */ = {
			isa = PBXNativeTarget;
			buildConfigurationList = 88D0768415A72CF6007808FE /* Build configuration list for PBXNativeTarget "UCDemoGP" */;
			buildPhases = (
				88D0766215A72CF5007808FE /* Sources */,
				88D0766315A72CF5007808FE /* Frameworks */,
				88D0766415A72CF5007808FE /* Resources */,
			);
			buildRules = (
			);
			dependencies = (
			);
			name = UCDemoGP;
			productName = UCDemoGP;
			productReference = 88D0766615A72CF5007808FE /* UCDemoGP.app */;
			productType = "com.apple.product-type.application";
		};
/* End PBXNativeTarget section */

/* Begin PBXProject section */
		88D0765D15A72CF5007808FE /* Project object */ = {
			isa = PBXProject;
			attributes = {
				LastUpgradeCheck = 0430;
			};
			buildConfigurationList = 88D0766015A72CF5007808FE /* Build configuration list for PBXProject "UCDemoGP" */;
			compatibilityVersion = "Xcode 3.2";
			developmentRegion = English;
			hasScannedForEncodings = 0;
			knownRegions = (
				en,
			);
			mainGroup = 88D0765B15A72CF5007808FE;
			productRefGroup = 88D0766715A72CF5007808FE /* Products */;
			projectDirPath = "";
			projectRoot = "";
			targets = (
				88D0766515A72CF5007808FE /* UCDemoGP */,
			);
		};
/* End PBXProject section */

/* Begin PBXResourcesBuildPhase section */
		88D0766415A72CF5007808FE /* Resources */ = {
			isa = PBXResourcesBuildPhase;
			buildActionMask = 2147483647;
			files = (
				88D0767515A72CF5007808FE /* InfoPlist.strings in Resources */,
				88D0768115A72CF6007808FE /* MapViewController.xib in Resources */,
				88D0769815A72E71007808FE /* ArcGIS.bundle in Resources */,
				88D0769D15A78375007808FE /* EditGraphicViewController.xib in Resources */,
				88EE1D7815AB7BA4003C286D /* GraphViewController.xib in Resources */,
			);
			runOnlyForDeploymentPostprocessing = 0;
		};
/* End PBXResourcesBuildPhase section */

/* Begin PBXSourcesBuildPhase section */
		88D0766215A72CF5007808FE /* Sources */ = {
			isa = PBXSourcesBuildPhase;
			buildActionMask = 2147483647;
			files = (
				88D0767715A72CF5007808FE /* main.m in Sources */,
				88D0767B15A72CF6007808FE /* AppDelegate.m in Sources */,
				88D0767E15A72CF6007808FE /* MapViewController.m in Sources */,
				88D0769C15A78375007808FE /* EditGraphicViewController.m in Sources */,
				88EE1D7715AB7BA4003C286D /* GraphViewController.m in Sources */,
				88EE1E4C15AB98AC003C286D /* NAArrow.c in Sources */,
				88EE1E4D15AB98AC003C286D /* NABezierControlPoints.c in Sources */,
				88EE1E4E15AB98AC003C286D /* NADashing.c in Sources */,
				88EE1E4F15AB98AC003C286D /* NALineIntersection.c in Sources */,
				88EE1E5015AB98AC003C286D /* NALineRectangleIntersection.c in Sources */,
				88EE1E5115AB98AC003C286D /* NASymbol.c in Sources */,
				88EE1E5215AB98AC003C286D /* WSAxisLocation.m in Sources */,
				88EE1E5315AB98AC003C286D /* WSAxisProperties.m in Sources */,
				88EE1E5415AB98AC003C286D /* WSBarPlotFactory.m in Sources */,
				88EE1E5515AB98AC003C286D /* WSBarProperties.m in Sources */,
				88EE1E5615AB98AC003C286D /* WSBinning.m in Sources */,
				88EE1E5715AB98AC003C286D /* WSChart.m in Sources */,
				88EE1E5815AB98AC003C286D /* WSChartAnimation.m in Sources */,
				88EE1E5915AB98AC003C286D /* WSColor.m in Sources */,
				88EE1E5A15AB98AC003C286D /* WSColorScheme.m in Sources */,
				88EE1E5B15AB98AC003C286D /* WSConnection.m in Sources */,
				88EE1E5C15AB98AC003C286D /* WSContour.m in Sources */,
				88EE1E5D15AB98AC003C286D /* WSCoordinate.m in Sources */,
				88EE1E5E15AB98AC003C286D /* WSCustomProperties.m in Sources */,
				88EE1E5F15AB98AC003C286D /* WSData.m in Sources */,
				88EE1E6015AB98AC003C286D /* WSDataOperations.m in Sources */,
				88EE1E6115AB98AC003C286D /* WSDataPointProperties.m in Sources */,
				88EE1E6215AB98AC003C286D /* WSDatum.m in Sources */,
				88EE1E6315AB98AC003C286D /* WSDiscProperties.m in Sources */,
				88EE1E6415AB98AC003C286D /* WSFont.m in Sources */,
				88EE1E6515AB98AC003C286D /* WSGraph.m in Sources */,
				88EE1E6615AB98AC003C286D /* WSGraphConnections.m in Sources */,
				88EE1E6715AB98AC003C286D /* WSGraphPlotFactory.m in Sources */,
				88EE1E6815AB98AC003C286D /* WSLinePlotFactory.m in Sources */,
				88EE1E6915AB98AC003C286D /* WSNode.m in Sources */,
				88EE1E6A15AB98AC003C286D /* WSNodeProperties.m in Sources */,
				88EE1E6B15AB98AC003C286D /* WSObject.m in Sources */,
				88EE1E6C15AB98AC003C286D /* WSPlot.m in Sources */,
				88EE1E6D15AB98AC003C286D /* WSPlotAxis.m in Sources */,
				88EE1E6E15AB98AC003C286D /* WSPlotBar.m in Sources */,
				88EE1E6F15AB98AC003C286D /* WSPlotController.m in Sources */,
				88EE1E7015AB98AC003C286D /* WSPlotData.m in Sources */,
				88EE1E7115AB98AC003C286D /* WSPlotDisc.m in Sources */,
				88EE1E7215AB98AC003C286D /* WSPlotGraph.m in Sources */,
				88EE1E7315AB98AC003C286D /* WSPlotRegion.m in Sources */,
				88EE1E7415AB98AC003C286D /* WSPlotTemplate.m in Sources */,
				88EE1E7515AB98AC003C286D /* WSTicks.m in Sources */,
				88EE1E7615AB98AC003C286D /* WSVersion.m in Sources */,
				88EE1E7715AB98AC003C286D /* WSView.m in Sources */,
				88EE1EF115ACB485003C286D /* ColoredBarChart.m in Sources */,
				88EE1EF215ACB485003C286D /* PlotItem.m in Sources */,
				88EE1EF515ACB5EE003C286D /* PlotGallery.m in Sources */,
			);
			runOnlyForDeploymentPostprocessing = 0;
		};
/* End PBXSourcesBuildPhase section */

/* Begin PBXVariantGroup section */
		88D0767315A72CF5007808FE /* InfoPlist.strings */ = {
			isa = PBXVariantGroup;
			children = (
				88D0767415A72CF5007808FE /* en */,
			);
			name = InfoPlist.strings;
			sourceTree = "<group>";
		};
		88D0767F15A72CF6007808FE /* MapViewController.xib */ = {
			isa = PBXVariantGroup;
			children = (
				88D0768015A72CF6007808FE /* en */,
			);
			name = MapViewController.xib;
			sourceTree = "<group>";
		};
/* End PBXVariantGroup section */

/* Begin XCBuildConfiguration section */
		88D0768215A72CF6007808FE /* Debug */ = {
			isa = XCBuildConfiguration;
			buildSettings = {
				ALWAYS_SEARCH_USER_PATHS = NO;
				ARCHS = "$(ARCHS_STANDARD_32_BIT)";
				CLANG_ENABLE_OBJC_ARC = YES;
				"CODE_SIGN_IDENTITY[sdk=iphoneos*]" = "iPhone Developer";
				COPY_PHASE_STRIP = NO;
				GCC_C_LANGUAGE_STANDARD = gnu99;
				GCC_DYNAMIC_NO_PIC = NO;
				GCC_OPTIMIZATION_LEVEL = 0;
				GCC_PREPROCESSOR_DEFINITIONS = (
					"DEBUG=1",
					"$(inherited)",
				);
				GCC_SYMBOLS_PRIVATE_EXTERN = NO;
				GCC_VERSION = com.apple.compilers.llvm.clang.1_0;
				GCC_WARN_ABOUT_RETURN_TYPE = YES;
				GCC_WARN_UNINITIALIZED_AUTOS = YES;
				GCC_WARN_UNUSED_VARIABLE = YES;
				IPHONEOS_DEPLOYMENT_TARGET = 5.1;
				SDKROOT = iphoneos;
				TARGETED_DEVICE_FAMILY = 2;
			};
			name = Debug;
		};
		88D0768315A72CF6007808FE /* Release */ = {
			isa = XCBuildConfiguration;
			buildSettings = {
				ALWAYS_SEARCH_USER_PATHS = NO;
				ARCHS = "$(ARCHS_STANDARD_32_BIT)";
				CLANG_ENABLE_OBJC_ARC = YES;
				"CODE_SIGN_IDENTITY[sdk=iphoneos*]" = "iPhone Developer";
				COPY_PHASE_STRIP = YES;
				GCC_C_LANGUAGE_STANDARD = gnu99;
				GCC_VERSION = com.apple.compilers.llvm.clang.1_0;
				GCC_WARN_ABOUT_RETURN_TYPE = YES;
				GCC_WARN_UNINITIALIZED_AUTOS = YES;
				GCC_WARN_UNUSED_VARIABLE = YES;
				IPHONEOS_DEPLOYMENT_TARGET = 5.1;
				OTHER_CFLAGS = "-DNS_BLOCK_ASSERTIONS=1";
				SDKROOT = iphoneos;
				TARGETED_DEVICE_FAMILY = 2;
				VALIDATE_PRODUCT = YES;
			};
			name = Release;
		};
		88D0768515A72CF6007808FE /* Debug */ = {
			isa = XCBuildConfiguration;
			buildSettings = {
				FRAMEWORK_SEARCH_PATHS = "$(HOME)/Library/SDKs/ArcGIS/**";
				GCC_PRECOMPILE_PREFIX_HEADER = YES;
				GCC_PREFIX_HEADER = "UCDemoGP/UCDemoGP-Prefix.pch";
				INFOPLIST_FILE = "UCDemoGP/UCDemoGP-Info.plist";
				LIBRARY_SEARCH_PATHS = (
					"$(inherited)",
					"\"$(SRCROOT)/UCDemoGP/CorePlot\"",
				);
				OTHER_LDFLAGS = (
					"-all_load",
					"-ObjC",
					"-framework",
					ArcGIS,
				);
				PRODUCT_NAME = "$(TARGET_NAME)";
				WRAPPER_EXTENSION = app;
			};
			name = Debug;
		};
		88D0768615A72CF6007808FE /* Release */ = {
			isa = XCBuildConfiguration;
			buildSettings = {
				FRAMEWORK_SEARCH_PATHS = "$(HOME)/Library/SDKs/ArcGIS/**";
				GCC_PRECOMPILE_PREFIX_HEADER = YES;
				GCC_PREFIX_HEADER = "UCDemoGP/UCDemoGP-Prefix.pch";
				INFOPLIST_FILE = "UCDemoGP/UCDemoGP-Info.plist";
				LIBRARY_SEARCH_PATHS = (
					"$(inherited)",
					"\"$(SRCROOT)/UCDemoGP/CorePlot\"",
				);
				OTHER_LDFLAGS = (
					"-all_load",
					"-ObjC",
					"-framework",
					ArcGIS,
				);
				PRODUCT_NAME = "$(TARGET_NAME)";
				WRAPPER_EXTENSION = app;
			};
			name = Release;
		};
/* End XCBuildConfiguration section */

/* Begin XCConfigurationList section */
		88D0766015A72CF5007808FE /* Build configuration list for PBXProject "UCDemoGP" */ = {
			isa = XCConfigurationList;
			buildConfigurations = (
				88D0768215A72CF6007808FE /* Debug */,
				88D0768315A72CF6007808FE /* Release */,
			);
			defaultConfigurationIsVisible = 0;
			defaultConfigurationName = Release;
		};
		88D0768415A72CF6007808FE /* Build configuration list for PBXNativeTarget "UCDemoGP" */ = {
			isa = XCConfigurationList;
			buildConfigurations = (
				88D0768515A72CF6007808FE /* Debug */,
				88D0768615A72CF6007808FE /* Release */,
			);
			defaultConfigurationIsVisible = 0;
			defaultConfigurationName = Release;
		};
/* End XCConfigurationList section */
	};
	rootObject = 88D0765D15A72CF5007808FE /* Project object */;
}
