// !$*UTF8*$!
{
	archiveVersion = 1;
	classes = {
	};
	objectVersion = 46;
	objects = {

/* Begin PBXBuildFile section */
		88D0766B15A72CF5007808FE /* UIKit.framework in Frameworks */ = {isa = PBXBuildFile; fileRef = 88D0766A15A72CF5007808FE /* UIKit.framework */; };
		88D0766D15A72CF5007808FE /* Foundation.framework in Frameworks */ = {isa = PBXBuildFile; fileRef = 88D0766C15A72CF5007808FE /* Foundation.framework */; };
		88D0766F15A72CF5007808FE /* CoreGraphics.framework in Frameworks */ = {isa = PBXBuildFile; fileRef = 88D0766E15A72CF5007808FE /* CoreGraphics.framework */; };
		88D0767515A72CF5007808FE /* InfoPlist.strings in Resources */ = {isa = PBXBuildFile; fileRef = 88D0767315A72CF5007808FE /* InfoPlist.strings */; };
		88D0767715A72CF5007808FE /* main.m in Sources */ = {isa = PBXBuildFile; fileRef = 88D0767615A72CF5007808FE /* main.m */; };
		88D0767B15A72CF6007808FE /* AppDelegate.m in Sources */ = {isa = PBXBuildFile; fileRef = 88D0767A15A72CF6007808FE /* AppDelegate.m */; };
		88D0767E15A72CF6007808FE /* MapViewController.m in Sources */ = {isa = PBXBuildFile; fileRef = 88D0767D15A72CF6007808FE /* MapViewController.m */; };
		88D0768115A72CF6007808FE /* MapViewController.xib in Resources */ = {isa = PBXBuildFile; fileRef = 88D0767F15A72CF6007808FE /* MapViewController.xib */; };
		88D0768815A72DC2007808FE /* CoreLocation.framework in Frameworks */ = {isa = PBXBuildFile; fileRef = 88D0768715A72DC2007808FE /* CoreLocation.framework */; };
		88D0768A15A72DCB007808FE /* QuartzCore.framework in Frameworks */ = {isa = PBXBuildFile; fileRef = 88D0768915A72DCB007808FE /* QuartzCore.framework */; };
		88D0768C15A72DD2007808FE /* CoreText.framework in Frameworks */ = {isa = PBXBuildFile; fileRef = 88D0768B15A72DD2007808FE /* CoreText.framework */; };
		88D0768E15A72DDB007808FE /* libstdc++.dylib in Frameworks */ = {isa = PBXBuildFile; fileRef = 88D0768D15A72DDB007808FE /* libstdc++.dylib */; };
		88D0769015A72DE1007808FE /* MediaPlayer.framework in Frameworks */ = {isa = PBXBuildFile; fileRef = 88D0768F15A72DE1007808FE /* MediaPlayer.framework */; };
		88D0769215A72DE9007808FE /* MobileCoreServices.framework in Frameworks */ = {isa = PBXBuildFile; fileRef = 88D0769115A72DE9007808FE /* MobileCoreServices.framework */; };
		88D0769415A72DF0007808FE /* libz.dylib in Frameworks */ = {isa = PBXBuildFile; fileRef = 88D0769315A72DF0007808FE /* libz.dylib */; };
		88D0769615A72DF6007808FE /* Security.framework in Frameworks */ = {isa = PBXBuildFile; fileRef = 88D0769515A72DF6007808FE /* Security.framework */; };
		88D0769815A72E71007808FE /* ArcGIS.bundle in Resources */ = {isa = PBXBuildFile; fileRef = 88D0769715A72E71007808FE /* ArcGIS.bundle */; };
		88D0769C15A78375007808FE /* EditGraphicViewController.m in Sources */ = {isa = PBXBuildFile; fileRef = 88D0769A15A78375007808FE /* EditGraphicViewController.m */; };
		88D0769D15A78375007808FE /* EditGraphicViewController.xib in Resources */ = {isa = PBXBuildFile; fileRef = 88D0769B15A78375007808FE /* EditGraphicViewController.xib */; };
		88EE1D7715AB7BA4003C286D /* GraphViewController.m in Sources */ = {isa = PBXBuildFile; fileRef = 88EE1D7515AB7BA4003C286D /* GraphViewController.m */; };
		88EE1D7815AB7BA4003C286D /* GraphViewController.xib in Resources */ = {isa = PBXBuildFile; fileRef = 88EE1D7615AB7BA4003C286D /* GraphViewController.xib */; };
		88EE1ECA15AC9FD1003C286D /* libCorePlot-CocoaTouch.a in Frameworks */ = {isa = PBXBuildFile; fileRef = 88EE1EC915AC9FD1003C286D /* libCorePlot-CocoaTouch.a */; };
		88EE1EF115ACB485003C286D /* ColoredBarChart.m in Sources */ = {isa = PBXBuildFile; fileRef = 88EE1EEE15ACB485003C286D /* ColoredBarChart.m */; };
		88EE1EF215ACB485003C286D /* PlotItem.m in Sources */ = {isa = PBXBuildFile; fileRef = 88EE1EF015ACB485003C286D /* PlotItem.m */; };
		88EE1EF515ACB5EE003C286D /* PlotGallery.m in Sources */ = {isa = PBXBuildFile; fileRef = 88EE1EF415ACB5EE003C286D /* PlotGallery.m */; };
		88EE1F0A15ACD8A9003C286D /* calloutBG.png in Resources */ = {isa = PBXBuildFile; fileRef = 88EE1F0215ACD8A9003C286D /* calloutBG.png */; };
		88EE1F0B15ACD8A9003C286D /* closeBtn.png in Resources */ = {isa = PBXBuildFile; fileRef = 88EE1F0315ACD8A9003C286D /* closeBtn.png */; };
		88EE1F0C15ACD8A9003C286D /* doneBtn.png in Resources */ = {isa = PBXBuildFile; fileRef = 88EE1F0415ACD8A9003C286D /* doneBtn.png */; };
		88EE1F0D15ACD8A9003C286D /* frame.png in Resources */ = {isa = PBXBuildFile; fileRef = 88EE1F0515ACD8A9003C286D /* frame.png */; };
		88EE1F0E15ACD8A9003C286D /* graphBG.png in Resources */ = {isa = PBXBuildFile; fileRef = 88EE1F0615ACD8A9003C286D /* graphBG.png */; };
		88EE1F0F15ACD8A9003C286D /* sider.png in Resources */ = {isa = PBXBuildFile; fileRef = 88EE1F0715ACD8A9003C286D /* sider.png */; };
		88EE1F1015ACD8A9003C286D /* surfaceBtn1.png in Resources */ = {isa = PBXBuildFile; fileRef = 88EE1F0815ACD8A9003C286D /* surfaceBtn1.png */; };
		88EE1F1115ACD8A9003C286D /* surfaceBtn2.png in Resources */ = {isa = PBXBuildFile; fileRef = 88EE1F0915ACD8A9003C286D /* surfaceBtn2.png */; };
		88EE1F1915ADD024003C286D /* F3Swirly.m in Sources */ = {isa = PBXBuildFile; fileRef = 88EE1F1815ADD024003C286D /* F3Swirly.m */; };
/* End PBXBuildFile section */

/* Begin PBXFileReference section */
		88D0766615A72CF5007808FE /* UCDemoGP.app */ = {isa = PBXFileReference; explicitFileType = wrapper.application; includeInIndex = 0; path = UCDemoGP.app; sourceTree = BUILT_PRODUCTS_DIR; };
		88D0766A15A72CF5007808FE /* UIKit.framework */ = {isa = PBXFileReference; lastKnownFileType = wrapper.framework; name = UIKit.framework; path = System/Library/Frameworks/UIKit.framework; sourceTree = SDKROOT; };
		88D0766C15A72CF5007808FE /* Foundation.framework */ = {isa = PBXFileReference; lastKnownFileType = wrapper.framework; name = Foundation.framework; path = System/Library/Frameworks/Foundation.framework; sourceTree = SDKROOT; };
		88D0766E15A72CF5007808FE /* CoreGraphics.framework */ = {isa = PBXFileReference; lastKnownFileType = wrapper.framework; name = CoreGraphics.framework; path = System/Library/Frameworks/CoreGraphics.framework; sourceTree = SDKROOT; };
		88D0767215A72CF5007808FE /* UCDemoGP-Info.plist */ = {isa = PBXFileReference; lastKnownFileType = text.plist.xml; path = "UCDemoGP-Info.plist"; sourceTree = "<group>"; };
		88D0767415A72CF5007808FE /* en */ = {isa = PBXFileReference; lastKnownFileType = text.plist.strings; name = en; path = en.lproj/InfoPlist.strings; sourceTree = "<group>"; };
		88D0767615A72CF5007808FE /* main.m */ = {isa = PBXFileReference; lastKnownFileType = sourcecode.c.objc; path = main.m; sourceTree = "<group>"; };
		88D0767815A72CF6007808FE /* UCDemoGP-Prefix.pch */ = {isa = PBXFileReference; lastKnownFileType = sourcecode.c.h; path = "UCDemoGP-Prefix.pch"; sourceTree = "<group>"; };
		88D0767915A72CF6007808FE /* AppDelegate.h */ = {isa = PBXFileReference; lastKnownFileType = sourcecode.c.h; path = AppDelegate.h; sourceTree = "<group>"; };
		88D0767A15A72CF6007808FE /* AppDelegate.m */ = {isa = PBXFileReference; lastKnownFileType = sourcecode.c.objc; path = AppDelegate.m; sourceTree = "<group>"; };
		88D0767C15A72CF6007808FE /* MapViewController.h */ = {isa = PBXFileReference; lastKnownFileType = sourcecode.c.h; path = MapViewController.h; sourceTree = "<group>"; };
		88D0767D15A72CF6007808FE /* MapViewController.m */ = {isa = PBXFileReference; lastKnownFileType = sourcecode.c.objc; path = MapViewController.m; sourceTree = "<group>"; };
		88D0768015A72CF6007808FE /* en */ = {isa = PBXFileReference; lastKnownFileType = file.xib; name = en; path = en.lproj/MapViewController.xib; sourceTree = "<group>"; };
		88D0768715A72DC2007808FE /* CoreLocation.framework */ = {isa = PBXFileReference; lastKnownFileType = wrapper.framework; name = CoreLocation.framework; path = System/Library/Frameworks/CoreLocation.framework; sourceTree = SDKROOT; };
		88D0768915A72DCB007808FE /* QuartzCore.framework */ = {isa = PBXFileReference; lastKnownFileType = wrapper.framework; name = QuartzCore.framework; path = System/Library/Frameworks/QuartzCore.framework; sourceTree = SDKROOT; };
		88D0768B15A72DD2007808FE /* CoreText.framework */ = {isa = PBXFileReference; lastKnownFileType = wrapper.framework; name = CoreText.framework; path = System/Library/Frameworks/CoreText.framework; sourceTree = SDKROOT; };
		88D0768D15A72DDB007808FE /* libstdc++.dylib */ = {isa = PBXFileReference; lastKnownFileType = "compiled.mach-o.dylib"; name = "libstdc++.dylib"; path = "usr/lib/libstdc++.dylib"; sourceTree = SDKROOT; };
		88D0768F15A72DE1007808FE /* MediaPlayer.framework */ = {isa = PBXFileReference; lastKnownFileType = wrapper.framework; name = MediaPlayer.framework; path = System/Library/Frameworks/MediaPlayer.framework; sourceTree = SDKROOT; };
		88D0769115A72DE9007808FE /* MobileCoreServices.framework */ = {isa = PBXFileReference; lastKnownFileType = wrapper.framework; name = MobileCoreServices.framework; path = System/Library/Frameworks/MobileCoreServices.framework; sourceTree = SDKROOT; };
		88D0769315A72DF0007808FE /* libz.dylib */ = {isa = PBXFileReference; lastKnownFileType = "compiled.mach-o.dylib"; name = libz.dylib; path = usr/lib/libz.dylib; sourceTree = SDKROOT; };
		88D0769515A72DF6007808FE /* Security.framework */ = {isa = PBXFileReference; lastKnownFileType = wrapper.framework; name = Security.framework; path = System/Library/Frameworks/Security.framework; sourceTree = SDKROOT; };
		88D0769715A72E71007808FE /* ArcGIS.bundle */ = {isa = PBXFileReference; lastKnownFileType = "wrapper.plug-in"; name = ArcGIS.bundle; path = ../../Library/SDKs/ArcGIS/ArcGIS.framework/Versions/Current/Resources/ArcGIS.bundle; sourceTree = "<group>"; };
		88D0769915A78375007808FE /* EditGraphicViewController.h */ = {isa = PBXFileReference; fileEncoding = 4; lastKnownFileType = sourcecode.c.h; path = EditGraphicViewController.h; sourceTree = "<group>"; };
		88D0769A15A78375007808FE /* EditGraphicViewController.m */ = {isa = PBXFileReference; fileEncoding = 4; lastKnownFileType = sourcecode.c.objc; path = EditGraphicViewController.m; sourceTree = "<group>"; };
		88D0769B15A78375007808FE /* EditGraphicViewController.xib */ = {isa = PBXFileReference; fileEncoding = 4; lastKnownFileType = file.xib; path = EditGraphicViewController.xib; sourceTree = "<group>"; };
		88EE1D7415AB7BA4003C286D /* GraphViewController.h */ = {isa = PBXFileReference; fileEncoding = 4; lastKnownFileType = sourcecode.c.h; path = GraphViewController.h; sourceTree = "<group>"; };
		88EE1D7515AB7BA4003C286D /* GraphViewController.m */ = {isa = PBXFileReference; fileEncoding = 4; lastKnownFileType = sourcecode.c.objc; path = GraphViewController.m; sourceTree = "<group>"; };
		88EE1D7615AB7BA4003C286D /* GraphViewController.xib */ = {isa = PBXFileReference; fileEncoding = 4; lastKnownFileType = file.xib; path = GraphViewController.xib; sourceTree = "<group>"; };
		88EE1E7A15AC9FD1003C286D /* _CPTConstraintsFixed.h */ = {isa = PBXFileReference; fileEncoding = 4; lastKnownFileType = sourcecode.c.h; path = _CPTConstraintsFixed.h; sourceTree = "<group>"; };
		88EE1E7B15AC9FD1003C286D /* _CPTConstraintsRelative.h */ = {isa = PBXFileReference; fileEncoding = 4; lastKnownFileType = sourcecode.c.h; path = _CPTConstraintsRelative.h; sourceTree = "<group>"; };
		88EE1E7C15AC9FD1003C286D /* _CPTDarkGradientTheme.h */ = {isa = PBXFileReference; fileEncoding = 4; lastKnownFileType = sourcecode.c.h; path = _CPTDarkGradientTheme.h; sourceTree = "<group>"; };
		88EE1E7D15AC9FD1003C286D /* _CPTFillColor.h */ = {isa = PBXFileReference; fileEncoding = 4; lastKnownFileType = sourcecode.c.h; path = _CPTFillColor.h; sourceTree = "<group>"; };
		88EE1E7E15AC9FD1003C286D /* _CPTFillGradient.h */ = {isa = PBXFileReference; fileEncoding = 4; lastKnownFileType = sourcecode.c.h; path = _CPTFillGradient.h; sourceTree = "<group>"; };
		88EE1E7F15AC9FD1003C286D /* _CPTFillImage.h */ = {isa = PBXFileReference; fileEncoding = 4; lastKnownFileType = sourcecode.c.h; path = _CPTFillImage.h; sourceTree = "<group>"; };
		88EE1E8015AC9FD1003C286D /* _CPTPlainBlackTheme.h */ = {isa = PBXFileReference; fileEncoding = 4; lastKnownFileType = sourcecode.c.h; path = _CPTPlainBlackTheme.h; sourceTree = "<group>"; };
		88EE1E8115AC9FD1003C286D /* _CPTPlainWhiteTheme.h */ = {isa = PBXFileReference; fileEncoding = 4; lastKnownFileType = sourcecode.c.h; path = _CPTPlainWhiteTheme.h; sourceTree = "<group>"; };
		88EE1E8215AC9FD1003C286D /* _CPTSlateTheme.h */ = {isa = PBXFileReference; fileEncoding = 4; lastKnownFileType = sourcecode.c.h; path = _CPTSlateTheme.h; sourceTree = "<group>"; };
		88EE1E8315AC9FD1003C286D /* _CPTStocksTheme.h */ = {isa = PBXFileReference; fileEncoding = 4; lastKnownFileType = sourcecode.c.h; path = _CPTStocksTheme.h; sourceTree = "<group>"; };
		88EE1E8415AC9FD1003C286D /* _CPTXYTheme.h */ = {isa = PBXFileReference; fileEncoding = 4; lastKnownFileType = sourcecode.c.h; path = _CPTXYTheme.h; sourceTree = "<group>"; };
		88EE1E8515AC9FD1003C286D /* CorePlot-CocoaTouch.h */ = {isa = PBXFileReference; fileEncoding = 4; lastKnownFileType = sourcecode.c.h; path = "CorePlot-CocoaTouch.h"; sourceTree = "<group>"; };
		88EE1E8615AC9FD1003C286D /* CPTAnnotation.h */ = {isa = PBXFileReference; fileEncoding = 4; lastKnownFileType = sourcecode.c.h; path = CPTAnnotation.h; sourceTree = "<group>"; };
		88EE1E8715AC9FD1003C286D /* CPTAnnotationHostLayer.h */ = {isa = PBXFileReference; fileEncoding = 4; lastKnownFileType = sourcecode.c.h; path = CPTAnnotationHostLayer.h; sourceTree = "<group>"; };
		88EE1E8815AC9FD1003C286D /* CPTAxis.h */ = {isa = PBXFileReference; fileEncoding = 4; lastKnownFileType = sourcecode.c.h; path = CPTAxis.h; sourceTree = "<group>"; };
		88EE1E8915AC9FD1003C286D /* CPTAxisLabel.h */ = {isa = PBXFileReference; fileEncoding = 4; lastKnownFileType = sourcecode.c.h; path = CPTAxisLabel.h; sourceTree = "<group>"; };
		88EE1E8A15AC9FD1003C286D /* CPTAxisLabelGroup.h */ = {isa = PBXFileReference; fileEncoding = 4; lastKnownFileType = sourcecode.c.h; path = CPTAxisLabelGroup.h; sourceTree = "<group>"; };
		88EE1E8B15AC9FD1003C286D /* CPTAxisSet.h */ = {isa = PBXFileReference; fileEncoding = 4; lastKnownFileType = sourcecode.c.h; path = CPTAxisSet.h; sourceTree = "<group>"; };
		88EE1E8C15AC9FD1003C286D /* CPTAxisTitle.h */ = {isa = PBXFileReference; fileEncoding = 4; lastKnownFileType = sourcecode.c.h; path = CPTAxisTitle.h; sourceTree = "<group>"; };
		88EE1E8D15AC9FD1003C286D /* CPTBarPlot.h */ = {isa = PBXFileReference; fileEncoding = 4; lastKnownFileType = sourcecode.c.h; path = CPTBarPlot.h; sourceTree = "<group>"; };
		88EE1E8E15AC9FD1003C286D /* CPTBorderedLayer.h */ = {isa = PBXFileReference; fileEncoding = 4; lastKnownFileType = sourcecode.c.h; path = CPTBorderedLayer.h; sourceTree = "<group>"; };
		88EE1E8F15AC9FD1003C286D /* CPTColor.h */ = {isa = PBXFileReference; fileEncoding = 4; lastKnownFileType = sourcecode.c.h; path = CPTColor.h; sourceTree = "<group>"; };
		88EE1E9015AC9FD1003C286D /* CPTColorSpace.h */ = {isa = PBXFileReference; fileEncoding = 4; lastKnownFileType = sourcecode.c.h; path = CPTColorSpace.h; sourceTree = "<group>"; };
		88EE1E9115AC9FD1003C286D /* CPTConstraints.h */ = {isa = PBXFileReference; fileEncoding = 4; lastKnownFileType = sourcecode.c.h; path = CPTConstraints.h; sourceTree = "<group>"; };
		88EE1E9215AC9FD1003C286D /* CPTDefinitions.h */ = {isa = PBXFileReference; fileEncoding = 4; lastKnownFileType = sourcecode.c.h; path = CPTDefinitions.h; sourceTree = "<group>"; };
		88EE1E9315AC9FD1003C286D /* CPTExceptions.h */ = {isa = PBXFileReference; fileEncoding = 4; lastKnownFileType = sourcecode.c.h; path = CPTExceptions.h; sourceTree = "<group>"; };
		88EE1E9415AC9FD1003C286D /* CPTFill.h */ = {isa = PBXFileReference; fileEncoding = 4; lastKnownFileType = sourcecode.c.h; path = CPTFill.h; sourceTree = "<group>"; };
		88EE1E9515AC9FD1003C286D /* CPTGradient.h */ = {isa = PBXFileReference; fileEncoding = 4; lastKnownFileType = sourcecode.c.h; path = CPTGradient.h; sourceTree = "<group>"; };
		88EE1E9615AC9FD1003C286D /* CPTGraph.h */ = {isa = PBXFileReference; fileEncoding = 4; lastKnownFileType = sourcecode.c.h; path = CPTGraph.h; sourceTree = "<group>"; };
		88EE1E9715AC9FD1003C286D /* CPTGraphHostingView.h */ = {isa = PBXFileReference; fileEncoding = 4; lastKnownFileType = sourcecode.c.h; path = CPTGraphHostingView.h; sourceTree = "<group>"; };
		88EE1E9815AC9FD1003C286D /* CPTGridLineGroup.h */ = {isa = PBXFileReference; fileEncoding = 4; lastKnownFileType = sourcecode.c.h; path = CPTGridLineGroup.h; sourceTree = "<group>"; };
		88EE1E9915AC9FD1003C286D /* CPTGridLines.h */ = {isa = PBXFileReference; fileEncoding = 4; lastKnownFileType = sourcecode.c.h; path = CPTGridLines.h; sourceTree = "<group>"; };
		88EE1E9A15AC9FD1003C286D /* CPTImage.h */ = {isa = PBXFileReference; fileEncoding = 4; lastKnownFileType = sourcecode.c.h; path = CPTImage.h; sourceTree = "<group>"; };
		88EE1E9B15AC9FD1003C286D /* CPTLayer.h */ = {isa = PBXFileReference; fileEncoding = 4; lastKnownFileType = sourcecode.c.h; path = CPTLayer.h; sourceTree = "<group>"; };
		88EE1E9C15AC9FD1003C286D /* CPTLayerAnnotation.h */ = {isa = PBXFileReference; fileEncoding = 4; lastKnownFileType = sourcecode.c.h; path = CPTLayerAnnotation.h; sourceTree = "<group>"; };
		88EE1E9D15AC9FD1003C286D /* CPTLegend.h */ = {isa = PBXFileReference; fileEncoding = 4; lastKnownFileType = sourcecode.c.h; path = CPTLegend.h; sourceTree = "<group>"; };
		88EE1E9E15AC9FD1003C286D /* CPTLegendEntry.h */ = {isa = PBXFileReference; fileEncoding = 4; lastKnownFileType = sourcecode.c.h; path = CPTLegendEntry.h; sourceTree = "<group>"; };
		88EE1E9F15AC9FD1003C286D /* CPTLimitBand.h */ = {isa = PBXFileReference; fileEncoding = 4; lastKnownFileType = sourcecode.c.h; path = CPTLimitBand.h; sourceTree = "<group>"; };
		88EE1EA015AC9FD1003C286D /* CPTLineCap.h */ = {isa = PBXFileReference; fileEncoding = 4; lastKnownFileType = sourcecode.c.h; path = CPTLineCap.h; sourceTree = "<group>"; };
		88EE1EA115AC9FD1003C286D /* CPTLineStyle.h */ = {isa = PBXFileReference; fileEncoding = 4; lastKnownFileType = sourcecode.c.h; path = CPTLineStyle.h; sourceTree = "<group>"; };
		88EE1EA215AC9FD1003C286D /* CPTMutableLineStyle.h */ = {isa = PBXFileReference; fileEncoding = 4; lastKnownFileType = sourcecode.c.h; path = CPTMutableLineStyle.h; sourceTree = "<group>"; };
		88EE1EA315AC9FD1003C286D /* CPTMutableNumericData+TypeConversion.h */ = {isa = PBXFileReference; fileEncoding = 4; lastKnownFileType = sourcecode.c.h; path = "CPTMutableNumericData+TypeConversion.h"; sourceTree = "<group>"; };
		88EE1EA415AC9FD1003C286D /* CPTMutableNumericData.h */ = {isa = PBXFileReference; fileEncoding = 4; lastKnownFileType = sourcecode.c.h; path = CPTMutableNumericData.h; sourceTree = "<group>"; };
		88EE1EA515AC9FD1003C286D /* CPTMutablePlotRange.h */ = {isa = PBXFileReference; fileEncoding = 4; lastKnownFileType = sourcecode.c.h; path = CPTMutablePlotRange.h; sourceTree = "<group>"; };
		88EE1EA615AC9FD1003C286D /* CPTMutableShadow.h */ = {isa = PBXFileReference; fileEncoding = 4; lastKnownFileType = sourcecode.c.h; path = CPTMutableShadow.h; sourceTree = "<group>"; };
		88EE1EA715AC9FD1003C286D /* CPTMutableTextStyle.h */ = {isa = PBXFileReference; fileEncoding = 4; lastKnownFileType = sourcecode.c.h; path = CPTMutableTextStyle.h; sourceTree = "<group>"; };
		88EE1EA815AC9FD1003C286D /* CPTNumericData+TypeConversion.h */ = {isa = PBXFileReference; fileEncoding = 4; lastKnownFileType = sourcecode.c.h; path = "CPTNumericData+TypeConversion.h"; sourceTree = "<group>"; };
		88EE1EA915AC9FD1003C286D /* CPTNumericData.h */ = {isa = PBXFileReference; fileEncoding = 4; lastKnownFileType = sourcecode.c.h; path = CPTNumericData.h; sourceTree = "<group>"; };
		88EE1EAA15AC9FD1003C286D /* CPTNumericDataType.h */ = {isa = PBXFileReference; fileEncoding = 4; lastKnownFileType = sourcecode.c.h; path = CPTNumericDataType.h; sourceTree = "<group>"; };
		88EE1EAB15AC9FD1003C286D /* CPTPathExtensions.h */ = {isa = PBXFileReference; fileEncoding = 4; lastKnownFileType = sourcecode.c.h; path = CPTPathExtensions.h; sourceTree = "<group>"; };
		88EE1EAC15AC9FD1003C286D /* CPTPieChart.h */ = {isa = PBXFileReference; fileEncoding = 4; lastKnownFileType = sourcecode.c.h; path = CPTPieChart.h; sourceTree = "<group>"; };
		88EE1EAD15AC9FD1003C286D /* CPTPlatformSpecificCategories.h */ = {isa = PBXFileReference; fileEncoding = 4; lastKnownFileType = sourcecode.c.h; path = CPTPlatformSpecificCategories.h; sourceTree = "<group>"; };
		88EE1EAE15AC9FD1003C286D /* CPTPlatformSpecificDefines.h */ = {isa = PBXFileReference; fileEncoding = 4; lastKnownFileType = sourcecode.c.h; path = CPTPlatformSpecificDefines.h; sourceTree = "<group>"; };
		88EE1EAF15AC9FD1003C286D /* CPTPlatformSpecificFunctions.h */ = {isa = PBXFileReference; fileEncoding = 4; lastKnownFileType = sourcecode.c.h; path = CPTPlatformSpecificFunctions.h; sourceTree = "<group>"; };
		88EE1EB015AC9FD1003C286D /* CPTPlot.h */ = {isa = PBXFileReference; fileEncoding = 4; lastKnownFileType = sourcecode.c.h; path = CPTPlot.h; sourceTree = "<group>"; };
		88EE1EB115AC9FD1003C286D /* CPTPlotArea.h */ = {isa = PBXFileReference; fileEncoding = 4; lastKnownFileType = sourcecode.c.h; path = CPTPlotArea.h; sourceTree = "<group>"; };
		88EE1EB215AC9FD1003C286D /* CPTPlotAreaFrame.h */ = {isa = PBXFileReference; fileEncoding = 4; lastKnownFileType = sourcecode.c.h; path = CPTPlotAreaFrame.h; sourceTree = "<group>"; };
		88EE1EB315AC9FD1003C286D /* CPTPlotGroup.h */ = {isa = PBXFileReference; fileEncoding = 4; lastKnownFileType = sourcecode.c.h; path = CPTPlotGroup.h; sourceTree = "<group>"; };
		88EE1EB415AC9FD1003C286D /* CPTPlotRange.h */ = {isa = PBXFileReference; fileEncoding = 4; lastKnownFileType = sourcecode.c.h; path = CPTPlotRange.h; sourceTree = "<group>"; };
		88EE1EB515AC9FD1003C286D /* CPTPlotSpace.h */ = {isa = PBXFileReference; fileEncoding = 4; lastKnownFileType = sourcecode.c.h; path = CPTPlotSpace.h; sourceTree = "<group>"; };
		88EE1EB615AC9FD1003C286D /* CPTPlotSpaceAnnotation.h */ = {isa = PBXFileReference; fileEncoding = 4; lastKnownFileType = sourcecode.c.h; path = CPTPlotSpaceAnnotation.h; sourceTree = "<group>"; };
		88EE1EB715AC9FD1003C286D /* CPTPlotSymbol.h */ = {isa = PBXFileReference; fileEncoding = 4; lastKnownFileType = sourcecode.c.h; path = CPTPlotSymbol.h; sourceTree = "<group>"; };
		88EE1EB815AC9FD1003C286D /* CPTRangePlot.h */ = {isa = PBXFileReference; fileEncoding = 4; lastKnownFileType = sourcecode.c.h; path = CPTRangePlot.h; sourceTree = "<group>"; };
		88EE1EB915AC9FD1003C286D /* CPTResponder.h */ = {isa = PBXFileReference; fileEncoding = 4; lastKnownFileType = sourcecode.c.h; path = CPTResponder.h; sourceTree = "<group>"; };
		88EE1EBA15AC9FD1003C286D /* CPTScatterPlot.h */ = {isa = PBXFileReference; fileEncoding = 4; lastKnownFileType = sourcecode.c.h; path = CPTScatterPlot.h; sourceTree = "<group>"; };
		88EE1EBB15AC9FD1003C286D /* CPTShadow.h */ = {isa = PBXFileReference; fileEncoding = 4; lastKnownFileType = sourcecode.c.h; path = CPTShadow.h; sourceTree = "<group>"; };
		88EE1EBC15AC9FD1003C286D /* CPTTextLayer.h */ = {isa = PBXFileReference; fileEncoding = 4; lastKnownFileType = sourcecode.c.h; path = CPTTextLayer.h; sourceTree = "<group>"; };
		88EE1EBD15AC9FD1003C286D /* CPTTextStyle.h */ = {isa = PBXFileReference; fileEncoding = 4; lastKnownFileType = sourcecode.c.h; path = CPTTextStyle.h; sourceTree = "<group>"; };
		88EE1EBE15AC9FD1003C286D /* CPTTheme.h */ = {isa = PBXFileReference; fileEncoding = 4; lastKnownFileType = sourcecode.c.h; path = CPTTheme.h; sourceTree = "<group>"; };
		88EE1EBF15AC9FD1003C286D /* CPTTimeFormatter.h */ = {isa = PBXFileReference; fileEncoding = 4; lastKnownFileType = sourcecode.c.h; path = CPTTimeFormatter.h; sourceTree = "<group>"; };
		88EE1EC015AC9FD1003C286D /* CPTTradingRangePlot.h */ = {isa = PBXFileReference; fileEncoding = 4; lastKnownFileType = sourcecode.c.h; path = CPTTradingRangePlot.h; sourceTree = "<group>"; };
		88EE1EC115AC9FD1003C286D /* CPTUtilities.h */ = {isa = PBXFileReference; fileEncoding = 4; lastKnownFileType = sourcecode.c.h; path = CPTUtilities.h; sourceTree = "<group>"; };
		88EE1EC215AC9FD1003C286D /* CPTXYAxis.h */ = {isa = PBXFileReference; fileEncoding = 4; lastKnownFileType = sourcecode.c.h; path = CPTXYAxis.h; sourceTree = "<group>"; };
		88EE1EC315AC9FD1003C286D /* CPTXYAxisSet.h */ = {isa = PBXFileReference; fileEncoding = 4; lastKnownFileType = sourcecode.c.h; path = CPTXYAxisSet.h; sourceTree = "<group>"; };
		88EE1EC415AC9FD1003C286D /* CPTXYGraph.h */ = {isa = PBXFileReference; fileEncoding = 4; lastKnownFileType = sourcecode.c.h; path = CPTXYGraph.h; sourceTree = "<group>"; };
		88EE1EC515AC9FD1003C286D /* CPTXYPlotSpace.h */ = {isa = PBXFileReference; fileEncoding = 4; lastKnownFileType = sourcecode.c.h; path = CPTXYPlotSpace.h; sourceTree = "<group>"; };
		88EE1EC615AC9FD1003C286D /* NSCoderExtensions.h */ = {isa = PBXFileReference; fileEncoding = 4; lastKnownFileType = sourcecode.c.h; path = NSCoderExtensions.h; sourceTree = "<group>"; };
		88EE1EC715AC9FD1003C286D /* NSDecimalNumberExtensions.h */ = {isa = PBXFileReference; fileEncoding = 4; lastKnownFileType = sourcecode.c.h; path = NSDecimalNumberExtensions.h; sourceTree = "<group>"; };
		88EE1EC815AC9FD1003C286D /* NSNumberExtensions.h */ = {isa = PBXFileReference; fileEncoding = 4; lastKnownFileType = sourcecode.c.h; path = NSNumberExtensions.h; sourceTree = "<group>"; };
		88EE1EC915AC9FD1003C286D /* libCorePlot-CocoaTouch.a */ = {isa = PBXFileReference; lastKnownFileType = archive.ar; path = "libCorePlot-CocoaTouch.a"; sourceTree = "<group>"; };
		88EE1EED15ACB485003C286D /* ColoredBarChart.h */ = {isa = PBXFileReference; fileEncoding = 4; lastKnownFileType = sourcecode.c.h; name = ColoredBarChart.h; path = BarChart/ColoredBarChart.h; sourceTree = "<group>"; };
		88EE1EEE15ACB485003C286D /* ColoredBarChart.m */ = {isa = PBXFileReference; fileEncoding = 4; lastKnownFileType = sourcecode.c.objc; name = ColoredBarChart.m; path = BarChart/ColoredBarChart.m; sourceTree = "<group>"; };
		88EE1EEF15ACB485003C286D /* PlotItem.h */ = {isa = PBXFileReference; fileEncoding = 4; lastKnownFileType = sourcecode.c.h; name = PlotItem.h; path = BarChart/PlotItem.h; sourceTree = "<group>"; };
		88EE1EF015ACB485003C286D /* PlotItem.m */ = {isa = PBXFileReference; fileEncoding = 4; lastKnownFileType = sourcecode.c.objc; name = PlotItem.m; path = BarChart/PlotItem.m; sourceTree = "<group>"; };
		88EE1EF315ACB5EE003C286D /* PlotGallery.h */ = {isa = PBXFileReference; fileEncoding = 4; lastKnownFileType = sourcecode.c.h; name = PlotGallery.h; path = BarChart/PlotGallery.h; sourceTree = "<group>"; };
		88EE1EF415ACB5EE003C286D /* PlotGallery.m */ = {isa = PBXFileReference; fileEncoding = 4; lastKnownFileType = sourcecode.c.objc; name = PlotGallery.m; path = BarChart/PlotGallery.m; sourceTree = "<group>"; };
		88EE1F0215ACD8A9003C286D /* calloutBG.png */ = {isa = PBXFileReference; lastKnownFileType = image.png; path = calloutBG.png; sourceTree = "<group>"; };
		88EE1F0315ACD8A9003C286D /* closeBtn.png */ = {isa = PBXFileReference; lastKnownFileType = image.png; path = closeBtn.png; sourceTree = "<group>"; };
		88EE1F0415ACD8A9003C286D /* doneBtn.png */ = {isa = PBXFileReference; lastKnownFileType = image.png; path = doneBtn.png; sourceTree = "<group>"; };
		88EE1F0515ACD8A9003C286D /* frame.png */ = {isa = PBXFileReference; lastKnownFileType = image.png; path = frame.png; sourceTree = "<group>"; };
		88EE1F0615ACD8A9003C286D /* graphBG.png */ = {isa = PBXFileReference; lastKnownFileType = image.png; path = graphBG.png; sourceTree = "<group>"; };
		88EE1F0715ACD8A9003C286D /* sider.png */ = {isa = PBXFileReference; lastKnownFileType = image.png; path = sider.png; sourceTree = "<group>"; };
		88EE1F0815ACD8A9003C286D /* surfaceBtn1.png */ = {isa = PBXFileReference; lastKnownFileType = image.png; path = surfaceBtn1.png; sourceTree = "<group>"; };
		88EE1F0915ACD8A9003C286D /* surfaceBtn2.png */ = {isa = PBXFileReference; lastKnownFileType = image.png; path = surfaceBtn2.png; sourceTree = "<group>"; };
		88EE1F1715ADD024003C286D /* F3Swirly.h */ = {isa = PBXFileReference; fileEncoding = 4; lastKnownFileType = sourcecode.c.h; path = F3Swirly.h; sourceTree = "<group>"; };
		88EE1F1815ADD024003C286D /* F3Swirly.m */ = {isa = PBXFileReference; fileEncoding = 4; lastKnownFileType = sourcecode.c.objc; path = F3Swirly.m; sourceTree = "<group>"; };
/* End PBXFileReference section */

/* Begin PBXFrameworksBuildPhase section */
		88D0766315A72CF5007808FE /* Frameworks */ = {
			isa = PBXFrameworksBuildPhase;
			buildActionMask = 2147483647;
			files = (
				88D0769615A72DF6007808FE /* Security.framework in Frameworks */,
				88D0769415A72DF0007808FE /* libz.dylib in Frameworks */,
				88D0769215A72DE9007808FE /* MobileCoreServices.framework in Frameworks */,
				88D0769015A72DE1007808FE /* MediaPlayer.framework in Frameworks */,
				88D0768E15A72DDB007808FE /* libstdc++.dylib in Frameworks */,
				88D0768C15A72DD2007808FE /* CoreText.framework in Frameworks */,
				88D0768A15A72DCB007808FE /* QuartzCore.framework in Frameworks */,
				88D0768815A72DC2007808FE /* CoreLocation.framework in Frameworks */,
				88D0766B15A72CF5007808FE /* UIKit.framework in Frameworks */,
				88D0766D15A72CF5007808FE /* Foundation.framework in Frameworks */,
				88D0766F15A72CF5007808FE /* CoreGraphics.framework in Frameworks */,
				88EE1ECA15AC9FD1003C286D /* libCorePlot-CocoaTouch.a in Frameworks */,
			);
			runOnlyForDeploymentPostprocessing = 0;
		};
/* End PBXFrameworksBuildPhase section */

/* Begin PBXGroup section */
		88D0765B15A72CF5007808FE = {
			isa = PBXGroup;
			children = (
				88D0769715A72E71007808FE /* ArcGIS.bundle */,
				88D0769515A72DF6007808FE /* Security.framework */,
				88D0769315A72DF0007808FE /* libz.dylib */,
				88D0769115A72DE9007808FE /* MobileCoreServices.framework */,
				88D0768F15A72DE1007808FE /* MediaPlayer.framework */,
				88D0768D15A72DDB007808FE /* libstdc++.dylib */,
				88D0768B15A72DD2007808FE /* CoreText.framework */,
				88D0768915A72DCB007808FE /* QuartzCore.framework */,
				88D0768715A72DC2007808FE /* CoreLocation.framework */,
				88D0767015A72CF5007808FE /* UCDemoGP */,
				88D0766915A72CF5007808FE /* Frameworks */,
				88D0766715A72CF5007808FE /* Products */,
			);
			sourceTree = "<group>";
		};
		88D0766715A72CF5007808FE /* Products */ = {
			isa = PBXGroup;
			children = (
				88D0766615A72CF5007808FE /* UCDemoGP.app */,
			);
			name = Products;
			sourceTree = "<group>";
		};
		88D0766915A72CF5007808FE /* Frameworks */ = {
			isa = PBXGroup;
			children = (
				88D0766A15A72CF5007808FE /* UIKit.framework */,
				88D0766C15A72CF5007808FE /* Foundation.framework */,
				88D0766E15A72CF5007808FE /* CoreGraphics.framework */,
			);
			name = Frameworks;
			sourceTree = "<group>";
		};
		88D0767015A72CF5007808FE /* UCDemoGP */ = {
			isa = PBXGroup;
			children = (
				88EE1F1615ADD024003C286D /* Activity */,
				88EE1F0115ACD8A9003C286D /* Resources */,
				88EE1EEC15ACB431003C286D /* BarChart */,
				88EE1E7815AC9FD0003C286D /* CorePlot */,
				88D0767915A72CF6007808FE /* AppDelegate.h */,
				88D0767A15A72CF6007808FE /* AppDelegate.m */,
				88D0767C15A72CF6007808FE /* MapViewController.h */,
				88D0767D15A72CF6007808FE /* MapViewController.m */,
				88D0767F15A72CF6007808FE /* MapViewController.xib */,
				88D0767115A72CF5007808FE /* Supporting Files */,
				88D0769915A78375007808FE /* EditGraphicViewController.h */,
				88D0769A15A78375007808FE /* EditGraphicViewController.m */,
				88D0769B15A78375007808FE /* EditGraphicViewController.xib */,
			);
			path = UCDemoGP;
			sourceTree = "<group>";
		};
		88D0767115A72CF5007808FE /* Supporting Files */ = {
			isa = PBXGroup;
			children = (
				88D0767215A72CF5007808FE /* UCDemoGP-Info.plist */,
				88D0767315A72CF5007808FE /* InfoPlist.strings */,
				88D0767615A72CF5007808FE /* main.m */,
				88D0767815A72CF6007808FE /* UCDemoGP-Prefix.pch */,
			);
			name = "Supporting Files";
			sourceTree = "<group>";
		};
		88EE1E7815AC9FD0003C286D /* CorePlot */ = {
			isa = PBXGroup;
			children = (
				88EE1E7915AC9FD1003C286D /* CorePlotHeaders */,
				88EE1EC915AC9FD1003C286D /* libCorePlot-CocoaTouch.a */,
			);
			path = CorePlot;
			sourceTree = "<group>";
		};
		88EE1E7915AC9FD1003C286D /* CorePlotHeaders */ = {
			isa = PBXGroup;
			children = (
				88EE1E7A15AC9FD1003C286D /* _CPTConstraintsFixed.h */,
				88EE1E7B15AC9FD1003C286D /* _CPTConstraintsRelative.h */,
				88EE1E7C15AC9FD1003C286D /* _CPTDarkGradientTheme.h */,
				88EE1E7D15AC9FD1003C286D /* _CPTFillColor.h */,
				88EE1E7E15AC9FD1003C286D /* _CPTFillGradient.h */,
				88EE1E7F15AC9FD1003C286D /* _CPTFillImage.h */,
				88EE1E8015AC9FD1003C286D /* _CPTPlainBlackTheme.h */,
				88EE1E8115AC9FD1003C286D /* _CPTPlainWhiteTheme.h */,
				88EE1E8215AC9FD1003C286D /* _CPTSlateTheme.h */,
				88EE1E8315AC9FD1003C286D /* _CPTStocksTheme.h */,
				88EE1E8415AC9FD1003C286D /* _CPTXYTheme.h */,
				88EE1E8515AC9FD1003C286D /* CorePlot-CocoaTouch.h */,
				88EE1E8615AC9FD1003C286D /* CPTAnnotation.h */,
				88EE1E8715AC9FD1003C286D /* CPTAnnotationHostLayer.h */,
				88EE1E8815AC9FD1003C286D /* CPTAxis.h */,
				88EE1E8915AC9FD1003C286D /* CPTAxisLabel.h */,
				88EE1E8A15AC9FD1003C286D /* CPTAxisLabelGroup.h */,
				88EE1E8B15AC9FD1003C286D /* CPTAxisSet.h */,
				88EE1E8C15AC9FD1003C286D /* CPTAxisTitle.h */,
				88EE1E8D15AC9FD1003C286D /* CPTBarPlot.h */,
				88EE1E8E15AC9FD1003C286D /* CPTBorderedLayer.h */,
				88EE1E8F15AC9FD1003C286D /* CPTColor.h */,
				88EE1E9015AC9FD1003C286D /* CPTColorSpace.h */,
				88EE1E9115AC9FD1003C286D /* CPTConstraints.h */,
				88EE1E9215AC9FD1003C286D /* CPTDefinitions.h */,
				88EE1E9315AC9FD1003C286D /* CPTExceptions.h */,
				88EE1E9415AC9FD1003C286D /* CPTFill.h */,
				88EE1E9515AC9FD1003C286D /* CPTGradient.h */,
				88EE1E9615AC9FD1003C286D /* CPTGraph.h */,
				88EE1E9715AC9FD1003C286D /* CPTGraphHostingView.h */,
				88EE1E9815AC9FD1003C286D /* CPTGridLineGroup.h */,
				88EE1E9915AC9FD1003C286D /* CPTGridLines.h */,
				88EE1E9A15AC9FD1003C286D /* CPTImage.h */,
				88EE1E9B15AC9FD1003C286D /* CPTLayer.h */,
				88EE1E9C15AC9FD1003C286D /* CPTLayerAnnotation.h */,
				88EE1E9D15AC9FD1003C286D /* CPTLegend.h */,
				88EE1E9E15AC9FD1003C286D /* CPTLegendEntry.h */,
				88EE1E9F15AC9FD1003C286D /* CPTLimitBand.h */,
				88EE1EA015AC9FD1003C286D /* CPTLineCap.h */,
				88EE1EA115AC9FD1003C286D /* CPTLineStyle.h */,
				88EE1EA215AC9FD1003C286D /* CPTMutableLineStyle.h */,
				88EE1EA315AC9FD1003C286D /* CPTMutableNumericData+TypeConversion.h */,
				88EE1EA415AC9FD1003C286D /* CPTMutableNumericData.h */,
				88EE1EA515AC9FD1003C286D /* CPTMutablePlotRange.h */,
				88EE1EA615AC9FD1003C286D /* CPTMutableShadow.h */,
				88EE1EA715AC9FD1003C286D /* CPTMutableTextStyle.h */,
				88EE1EA815AC9FD1003C286D /* CPTNumericData+TypeConversion.h */,
				88EE1EA915AC9FD1003C286D /* CPTNumericData.h */,
				88EE1EAA15AC9FD1003C286D /* CPTNumericDataType.h */,
				88EE1EAB15AC9FD1003C286D /* CPTPathExtensions.h */,
				88EE1EAC15AC9FD1003C286D /* CPTPieChart.h */,
				88EE1EAD15AC9FD1003C286D /* CPTPlatformSpecificCategories.h */,
				88EE1EAE15AC9FD1003C286D /* CPTPlatformSpecificDefines.h */,
				88EE1EAF15AC9FD1003C286D /* CPTPlatformSpecificFunctions.h */,
				88EE1EB015AC9FD1003C286D /* CPTPlot.h */,
				88EE1EB115AC9FD1003C286D /* CPTPlotArea.h */,
				88EE1EB215AC9FD1003C286D /* CPTPlotAreaFrame.h */,
				88EE1EB315AC9FD1003C286D /* CPTPlotGroup.h */,
				88EE1EB415AC9FD1003C286D /* CPTPlotRange.h */,
				88EE1EB515AC9FD1003C286D /* CPTPlotSpace.h */,
				88EE1EB615AC9FD1003C286D /* CPTPlotSpaceAnnotation.h */,
				88EE1EB715AC9FD1003C286D /* CPTPlotSymbol.h */,
				88EE1EB815AC9FD1003C286D /* CPTRangePlot.h */,
				88EE1EB915AC9FD1003C286D /* CPTResponder.h */,
				88EE1EBA15AC9FD1003C286D /* CPTScatterPlot.h */,
				88EE1EBB15AC9FD1003C286D /* CPTShadow.h */,
				88EE1EBC15AC9FD1003C286D /* CPTTextLayer.h */,
				88EE1EBD15AC9FD1003C286D /* CPTTextStyle.h */,
				88EE1EBE15AC9FD1003C286D /* CPTTheme.h */,
				88EE1EBF15AC9FD1003C286D /* CPTTimeFormatter.h */,
				88EE1EC015AC9FD1003C286D /* CPTTradingRangePlot.h */,
				88EE1EC115AC9FD1003C286D /* CPTUtilities.h */,
				88EE1EC215AC9FD1003C286D /* CPTXYAxis.h */,
				88EE1EC315AC9FD1003C286D /* CPTXYAxisSet.h */,
				88EE1EC415AC9FD1003C286D /* CPTXYGraph.h */,
				88EE1EC515AC9FD1003C286D /* CPTXYPlotSpace.h */,
				88EE1EC615AC9FD1003C286D /* NSCoderExtensions.h */,
				88EE1EC715AC9FD1003C286D /* NSDecimalNumberExtensions.h */,
				88EE1EC815AC9FD1003C286D /* NSNumberExtensions.h */,
			);
			path = CorePlotHeaders;
			sourceTree = "<group>";
		};
		88EE1EEC15ACB431003C286D /* BarChart */ = {
			isa = PBXGroup;
			children = (
				88EE1EF315ACB5EE003C286D /* PlotGallery.h */,
				88EE1EF415ACB5EE003C286D /* PlotGallery.m */,
				88EE1EED15ACB485003C286D /* ColoredBarChart.h */,
				88EE1EEE15ACB485003C286D /* ColoredBarChart.m */,
				88EE1EEF15ACB485003C286D /* PlotItem.h */,
				88EE1EF015ACB485003C286D /* PlotItem.m */,
				88EE1D7415AB7BA4003C286D /* GraphViewController.h */,
				88EE1D7515AB7BA4003C286D /* GraphViewController.m */,
				88EE1D7615AB7BA4003C286D /* GraphViewController.xib */,
			);
			name = BarChart;
			sourceTree = "<group>";
		};
		88EE1F0115ACD8A9003C286D /* Resources */ = {
			isa = PBXGroup;
			children = (
				88EE1F0215ACD8A9003C286D /* calloutBG.png */,
				88EE1F0315ACD8A9003C286D /* closeBtn.png */,
				88EE1F0415ACD8A9003C286D /* doneBtn.png */,
				88EE1F0515ACD8A9003C286D /* frame.png */,
				88EE1F0615ACD8A9003C286D /* graphBG.png */,
				88EE1F0715ACD8A9003C286D /* sider.png */,
				88EE1F0815ACD8A9003C286D /* surfaceBtn1.png */,
				88EE1F0915ACD8A9003C286D /* surfaceBtn2.png */,
			);
			path = Resources;
			sourceTree = "<group>";
		};
		88EE1F1615ADD024003C286D /* Activity */ = {
			isa = PBXGroup;
			children = (
				88EE1F1715ADD024003C286D /* F3Swirly.h */,
				88EE1F1815ADD024003C286D /* F3Swirly.m */,
			);
			path = Activity;
			sourceTree = "<group>";
		};
/* End PBXGroup section */

/* Begin PBXNativeTarget section */
		88D0766515A72CF5007808FE /* UCDemoGP */ = {
			isa = PBXNativeTarget;
			buildConfigurationList = 88D0768415A72CF6007808FE /* Build configuration list for PBXNativeTarget "UCDemoGP" */;
			buildPhases = (
				88D0766215A72CF5007808FE /* Sources */,
				88D0766315A72CF5007808FE /* Frameworks */,
				88D0766415A72CF5007808FE /* Resources */,
			);
			buildRules = (
			);
			dependencies = (
			);
			name = UCDemoGP;
			productName = UCDemoGP;
			productReference = 88D0766615A72CF5007808FE /* UCDemoGP.app */;
			productType = "com.apple.product-type.application";
		};
/* End PBXNativeTarget section */

/* Begin PBXProject section */
		88D0765D15A72CF5007808FE /* Project object */ = {
			isa = PBXProject;
			attributes = {
				LastUpgradeCheck = 0430;
			};
			buildConfigurationList = 88D0766015A72CF5007808FE /* Build configuration list for PBXProject "UCDemoGP" */;
			compatibilityVersion = "Xcode 3.2";
			developmentRegion = English;
			hasScannedForEncodings = 0;
			knownRegions = (
				en,
			);
			mainGroup = 88D0765B15A72CF5007808FE;
			productRefGroup = 88D0766715A72CF5007808FE /* Products */;
			projectDirPath = "";
			projectRoot = "";
			targets = (
				88D0766515A72CF5007808FE /* UCDemoGP */,
			);
		};
/* End PBXProject section */

/* Begin PBXResourcesBuildPhase section */
		88D0766415A72CF5007808FE /* Resources */ = {
			isa = PBXResourcesBuildPhase;
			buildActionMask = 2147483647;
			files = (
				88D0767515A72CF5007808FE /* InfoPlist.strings in Resources */,
				88D0768115A72CF6007808FE /* MapViewController.xib in Resources */,
				88D0769815A72E71007808FE /* ArcGIS.bundle in Resources */,
				88D0769D15A78375007808FE /* EditGraphicViewController.xib in Resources */,
				88EE1D7815AB7BA4003C286D /* GraphViewController.xib in Resources */,
				88EE1F0A15ACD8A9003C286D /* calloutBG.png in Resources */,
				88EE1F0B15ACD8A9003C286D /* closeBtn.png in Resources */,
				88EE1F0C15ACD8A9003C286D /* doneBtn.png in Resources */,
				88EE1F0D15ACD8A9003C286D /* frame.png in Resources */,
				88EE1F0E15ACD8A9003C286D /* graphBG.png in Resources */,
				88EE1F0F15ACD8A9003C286D /* sider.png in Resources */,
				88EE1F1015ACD8A9003C286D /* surfaceBtn1.png in Resources */,
				88EE1F1115ACD8A9003C286D /* surfaceBtn2.png in Resources */,
			);
			runOnlyForDeploymentPostprocessing = 0;
		};
/* End PBXResourcesBuildPhase section */

/* Begin PBXSourcesBuildPhase section */
		88D0766215A72CF5007808FE /* Sources */ = {
			isa = PBXSourcesBuildPhase;
			buildActionMask = 2147483647;
			files = (
				88D0767715A72CF5007808FE /* main.m in Sources */,
				88D0767B15A72CF6007808FE /* AppDelegate.m in Sources */,
				88D0767E15A72CF6007808FE /* MapViewController.m in Sources */,
				88D0769C15A78375007808FE /* EditGraphicViewController.m in Sources */,
				88EE1D7715AB7BA4003C286D /* GraphViewController.m in Sources */,
				88EE1EF115ACB485003C286D /* ColoredBarChart.m in Sources */,
				88EE1EF215ACB485003C286D /* PlotItem.m in Sources */,
				88EE1EF515ACB5EE003C286D /* PlotGallery.m in Sources */,
				88EE1F1915ADD024003C286D /* F3Swirly.m in Sources */,
			);
			runOnlyForDeploymentPostprocessing = 0;
		};
/* End PBXSourcesBuildPhase section */

/* Begin PBXVariantGroup section */
		88D0767315A72CF5007808FE /* InfoPlist.strings */ = {
			isa = PBXVariantGroup;
			children = (
				88D0767415A72CF5007808FE /* en */,
			);
			name = InfoPlist.strings;
			sourceTree = "<group>";
		};
		88D0767F15A72CF6007808FE /* MapViewController.xib */ = {
			isa = PBXVariantGroup;
			children = (
				88D0768015A72CF6007808FE /* en */,
			);
			name = MapViewController.xib;
			sourceTree = "<group>";
		};
/* End PBXVariantGroup section */

/* Begin XCBuildConfiguration section */
		88D0768215A72CF6007808FE /* Debug */ = {
			isa = XCBuildConfiguration;
			buildSettings = {
				ALWAYS_SEARCH_USER_PATHS = NO;
				ARCHS = "$(ARCHS_STANDARD_32_BIT)";
				CLANG_ENABLE_OBJC_ARC = YES;
				"CODE_SIGN_IDENTITY[sdk=iphoneos*]" = "iPhone Developer";
				COPY_PHASE_STRIP = NO;
				GCC_C_LANGUAGE_STANDARD = gnu99;
				GCC_DYNAMIC_NO_PIC = NO;
				GCC_OPTIMIZATION_LEVEL = 0;
				GCC_PREPROCESSOR_DEFINITIONS = (
					"DEBUG=1",
					"$(inherited)",
				);
				GCC_SYMBOLS_PRIVATE_EXTERN = NO;
				GCC_VERSION = com.apple.compilers.llvm.clang.1_0;
				GCC_WARN_ABOUT_RETURN_TYPE = YES;
				GCC_WARN_UNINITIALIZED_AUTOS = YES;
				GCC_WARN_UNUSED_VARIABLE = YES;
				IPHONEOS_DEPLOYMENT_TARGET = 5.1;
				SDKROOT = iphoneos;
				TARGETED_DEVICE_FAMILY = 2;
			};
			name = Debug;
		};
		88D0768315A72CF6007808FE /* Release */ = {
			isa = XCBuildConfiguration;
			buildSettings = {
				ALWAYS_SEARCH_USER_PATHS = NO;
				ARCHS = "$(ARCHS_STANDARD_32_BIT)";
				CLANG_ENABLE_OBJC_ARC = YES;
				"CODE_SIGN_IDENTITY[sdk=iphoneos*]" = "iPhone Developer";
				COPY_PHASE_STRIP = YES;
				GCC_C_LANGUAGE_STANDARD = gnu99;
				GCC_VERSION = com.apple.compilers.llvm.clang.1_0;
				GCC_WARN_ABOUT_RETURN_TYPE = YES;
				GCC_WARN_UNINITIALIZED_AUTOS = YES;
				GCC_WARN_UNUSED_VARIABLE = YES;
				IPHONEOS_DEPLOYMENT_TARGET = 5.1;
				OTHER_CFLAGS = "-DNS_BLOCK_ASSERTIONS=1";
				SDKROOT = iphoneos;
				TARGETED_DEVICE_FAMILY = 2;
				VALIDATE_PRODUCT = YES;
			};
			name = Release;
		};
		88D0768515A72CF6007808FE /* Debug */ = {
			isa = XCBuildConfiguration;
			buildSettings = {
				FRAMEWORK_SEARCH_PATHS = "$(HOME)/Library/SDKs/ArcGIS/**";
				GCC_PRECOMPILE_PREFIX_HEADER = YES;
				GCC_PREFIX_HEADER = "UCDemoGP/UCDemoGP-Prefix.pch";
				INFOPLIST_FILE = "UCDemoGP/UCDemoGP-Info.plist";
				LIBRARY_SEARCH_PATHS = (
					"$(inherited)",
					"\"$(SRCROOT)/UCDemoGP/CorePlot\"",
				);
				OTHER_LDFLAGS = (
					"-all_load",
					"-ObjC",
					"-framework",
					ArcGIS,
				);
				PRODUCT_NAME = "$(TARGET_NAME)";
				WRAPPER_EXTENSION = app;
			};
			name = Debug;
		};
		88D0768615A72CF6007808FE /* Release */ = {
			isa = XCBuildConfiguration;
			buildSettings = {
				FRAMEWORK_SEARCH_PATHS = "$(HOME)/Library/SDKs/ArcGIS/**";
				GCC_PRECOMPILE_PREFIX_HEADER = YES;
				GCC_PREFIX_HEADER = "UCDemoGP/UCDemoGP-Prefix.pch";
				INFOPLIST_FILE = "UCDemoGP/UCDemoGP-Info.plist";
				LIBRARY_SEARCH_PATHS = (
					"$(inherited)",
					"\"$(SRCROOT)/UCDemoGP/CorePlot\"",
				);
				OTHER_LDFLAGS = (
					"-all_load",
					"-ObjC",
					"-framework",
					ArcGIS,
				);
				PRODUCT_NAME = "$(TARGET_NAME)";
				WRAPPER_EXTENSION = app;
			};
			name = Release;
		};
/* End XCBuildConfiguration section */

/* Begin XCConfigurationList section */
		88D0766015A72CF5007808FE /* Build configuration list for PBXProject "UCDemoGP" */ = {
			isa = XCConfigurationList;
			buildConfigurations = (
				88D0768215A72CF6007808FE /* Debug */,
				88D0768315A72CF6007808FE /* Release */,
			);
			defaultConfigurationIsVisible = 0;
			defaultConfigurationName = Release;
		};
		88D0768415A72CF6007808FE /* Build configuration list for PBXNativeTarget "UCDemoGP" */ = {
			isa = XCConfigurationList;
			buildConfigurations = (
				88D0768515A72CF6007808FE /* Debug */,
				88D0768615A72CF6007808FE /* Release */,
			);
			defaultConfigurationIsVisible = 0;
			defaultConfigurationName = Release;
		};
/* End XCConfigurationList section */
	};
	rootObject = 88D0765D15A72CF5007808FE /* Project object */;
}
